// !$*UTF8*$!
{
	archiveVersion = 1;
	classes = {
	};
	objectVersion = 46;
	objects = {

/* Begin PBXBuildFile section */
		1406B89A22C3F50100D6B7A1 /* HtmlUtils.swift in Sources */ = {isa = PBXBuildFile; fileRef = 1406B89922C3F50100D6B7A1 /* HtmlUtils.swift */; };
		1412D3BD225BE0D000742D50 /* TabBarExtension.swift in Sources */ = {isa = PBXBuildFile; fileRef = 1412D3BC225BE0D000742D50 /* TabBarExtension.swift */; };
		144AB1D6226E385C0069CDE2 /* Hero.framework in Frameworks */ = {isa = PBXBuildFile; fileRef = 144AB1D5226E385C0069CDE2 /* Hero.framework */; };
		144AB1D8226E38A70069CDE2 /* HeroId.swift in Sources */ = {isa = PBXBuildFile; fileRef = 144AB1D7226E38A70069CDE2 /* HeroId.swift */; };
		1450D7C62212DCBE00BD7112 /* RuExpandableCell.swift in Sources */ = {isa = PBXBuildFile; fileRef = 1450D7C52212DCBE00BD7112 /* RuExpandableCell.swift */; };
		1462570321FF44E2005E192C /* RuCardCell.swift in Sources */ = {isa = PBXBuildFile; fileRef = 1462570221FF44E2005E192C /* RuCardCell.swift */; };
		1462570521FF50F0005E192C /* RuMenuViewController.storyboard in Resources */ = {isa = PBXBuildFile; fileRef = 1462570421FF50F0005E192C /* RuMenuViewController.storyboard */; };
		1462570721FF52E7005E192C /* RuMenuViewController.swift in Sources */ = {isa = PBXBuildFile; fileRef = 1462570621FF52E7005E192C /* RuMenuViewController.swift */; };
		1473804F22529BC500257280 /* NoLoanCell.swift in Sources */ = {isa = PBXBuildFile; fileRef = 1473804E22529BC500257280 /* NoLoanCell.swift */; };
		147380542253950300257280 /* SadOwlView.xib in Resources */ = {isa = PBXBuildFile; fileRef = 147380532253950300257280 /* SadOwlView.xib */; };
		14738056225397D500257280 /* SadOwlView.swift in Sources */ = {isa = PBXBuildFile; fileRef = 14738055225397D500257280 /* SadOwlView.swift */; };
		1473805822553F1B00257280 /* ImageZoomViewController.swift in Sources */ = {isa = PBXBuildFile; fileRef = 1473805722553F1B00257280 /* ImageZoomViewController.swift */; };
		1489D22022A1D2B10042A2B8 /* PrivacyPolicyView.xib in Resources */ = {isa = PBXBuildFile; fileRef = 1489D21F22A1D2B10042A2B8 /* PrivacyPolicyView.xib */; };
		148CB9BA22A1CF1E0002EF48 /* PrivacyPolicyView.swift in Sources */ = {isa = PBXBuildFile; fileRef = 148CB9B922A1CF1E0002EF48 /* PrivacyPolicyView.swift */; };
		148E138121F8C14A0052E7BF /* RestaurantController.swift in Sources */ = {isa = PBXBuildFile; fileRef = 148E138021F8C14A0052E7BF /* RestaurantController.swift */; };
		148E138321F8C6D60052E7BF /* DalCell.swift in Sources */ = {isa = PBXBuildFile; fileRef = 148E138221F8C6D60052E7BF /* DalCell.swift */; };
		14C79EB2221D84A8000415C7 /* DateHelper.swift in Sources */ = {isa = PBXBuildFile; fileRef = 14C79EB1221D84A8000415C7 /* DateHelper.swift */; };
		14E1652A225FB2A6005B61DB /* ImageExtension.swift in Sources */ = {isa = PBXBuildFile; fileRef = 14E16529225FB2A6005B61DB /* ImageExtension.swift */; };
		14FA009422383AD300BFA267 /* Alamofire.framework in Frameworks */ = {isa = PBXBuildFile; fileRef = 14FA009322383AD300BFA267 /* Alamofire.framework */; };
		14FA009922383D4D00BFA267 /* SwiftOverlays.framework in Frameworks */ = {isa = PBXBuildFile; fileRef = 14FA009622383D4D00BFA267 /* SwiftOverlays.framework */; };
		14FA009A22383D4D00BFA267 /* SwiftyJSON.framework in Frameworks */ = {isa = PBXBuildFile; fileRef = 14FA009722383D4D00BFA267 /* SwiftyJSON.framework */; };
		14FA009B22383D4D00BFA267 /* Kingfisher.framework in Frameworks */ = {isa = PBXBuildFile; fileRef = 14FA009822383D4D00BFA267 /* Kingfisher.framework */; };
		B209661D1E28E8800021F85D /* ColorExtention.swift in Sources */ = {isa = PBXBuildFile; fileRef = B209661C1E28E8800021F85D /* ColorExtention.swift */; };
		B209661F1E296A510021F85D /* InternetCheck.swift in Sources */ = {isa = PBXBuildFile; fileRef = B209661E1E296A510021F85D /* InternetCheck.swift */; };
		B214CEAB1E23960C00C4731C /* ContentCell.swift in Sources */ = {isa = PBXBuildFile; fileRef = B214CEA81E23960C00C4731C /* ContentCell.swift */; };
		B214CEAC1E23960C00C4731C /* NewsTitleCell.swift in Sources */ = {isa = PBXBuildFile; fileRef = B214CEA91E23960C00C4731C /* NewsTitleCell.swift */; };
		B214CEAF1E23C3D200C4731C /* RUModel.swift in Sources */ = {isa = PBXBuildFile; fileRef = B214CEAE1E23C3D200C4731C /* RUModel.swift */; };
		B214CEB11E23C42400C4731C /* GetRU.swift in Sources */ = {isa = PBXBuildFile; fileRef = B214CEB01E23C42400C4731C /* GetRU.swift */; };
		B21F87F21E1A5D0C006ACB0F /* AppDelegate.swift in Sources */ = {isa = PBXBuildFile; fileRef = B21F87F11E1A5D0C006ACB0F /* AppDelegate.swift */; };
		B21F87F41E1A5D0C006ACB0F /* OpenNewsController.swift in Sources */ = {isa = PBXBuildFile; fileRef = B21F87F31E1A5D0C006ACB0F /* OpenNewsController.swift */; };
		B21F87F71E1A5D0C006ACB0F /* Main.storyboard in Resources */ = {isa = PBXBuildFile; fileRef = B21F87F51E1A5D0C006ACB0F /* Main.storyboard */; };
		B21F87FC1E1A5D0C006ACB0F /* LaunchScreen.storyboard in Resources */ = {isa = PBXBuildFile; fileRef = B21F87FA1E1A5D0C006ACB0F /* LaunchScreen.storyboard */; };
		B21F88071E1A5D0D006ACB0F /* ufrgsmobileTests.swift in Sources */ = {isa = PBXBuildFile; fileRef = B21F88061E1A5D0D006ACB0F /* ufrgsmobileTests.swift */; };
		B21F88121E1A5D0D006ACB0F /* ufrgsmobileUITests.swift in Sources */ = {isa = PBXBuildFile; fileRef = B21F88111E1A5D0D006ACB0F /* ufrgsmobileUITests.swift */; };
		B21F88201E1A5D46006ACB0F /* LoginController.swift in Sources */ = {isa = PBXBuildFile; fileRef = B21F881F1E1A5D46006ACB0F /* LoginController.swift */; };
		B21F88221E1A5D5D006ACB0F /* RUController.swift in Sources */ = {isa = PBXBuildFile; fileRef = B21F88211E1A5D5D006ACB0F /* RUController.swift */; };
		B21F88241E1A5D6B006ACB0F /* BiblioController.swift in Sources */ = {isa = PBXBuildFile; fileRef = B21F88231E1A5D6B006ACB0F /* BiblioController.swift */; };
		B21F88261E1A5D77006ACB0F /* NewsController.swift in Sources */ = {isa = PBXBuildFile; fileRef = B21F88251E1A5D77006ACB0F /* NewsController.swift */; };
		B21F882F1E1A601F006ACB0F /* NewsItem.swift in Sources */ = {isa = PBXBuildFile; fileRef = B21F882E1E1A601F006ACB0F /* NewsItem.swift */; };
		B22083361E2F8AD500DA11FA /* Book.swift in Sources */ = {isa = PBXBuildFile; fileRef = B22083351E2F8AD500DA11FA /* Book.swift */; };
		B22083381E2F8B9E00DA11FA /* Login.swift in Sources */ = {isa = PBXBuildFile; fileRef = B22083371E2F8B9E00DA11FA /* Login.swift */; };
		B220833A1E2F8BB200DA11FA /* GetBooks.swift in Sources */ = {isa = PBXBuildFile; fileRef = B22083391E2F8BB200DA11FA /* GetBooks.swift */; };
		B220833C1E2F97FC00DA11FA /* BiblioCell.swift in Sources */ = {isa = PBXBuildFile; fileRef = B220833B1E2F97FC00DA11FA /* BiblioCell.swift */; };
		B22663C71E1D168E005DCC6F /* NewsItemCell.swift in Sources */ = {isa = PBXBuildFile; fileRef = B22663C61E1D168E005DCC6F /* NewsItemCell.swift */; };
		B25FAD721EEF22640001AE09 /* GetStatus.swift in Sources */ = {isa = PBXBuildFile; fileRef = B25FAD711EEF22640001AE09 /* GetStatus.swift */; };
		B262D87D1F5F2433007AF38D /* DemoPopupViewController2.swift in Sources */ = {isa = PBXBuildFile; fileRef = B262D87B1F5F2433007AF38D /* DemoPopupViewController2.swift */; };
		B262D87E1F5F2433007AF38D /* DemoPopupViewController2.storyboard in Resources */ = {isa = PBXBuildFile; fileRef = B262D87C1F5F2433007AF38D /* DemoPopupViewController2.storyboard */; };
		B262D8801F5F25B4007AF38D /* PopupController.swift in Sources */ = {isa = PBXBuildFile; fileRef = B262D87F1F5F25B4007AF38D /* PopupController.swift */; };
		B262D8821F5F349F007AF38D /* GetTiquetes.swift in Sources */ = {isa = PBXBuildFile; fileRef = B262D8811F5F349F007AF38D /* GetTiquetes.swift */; };
		B262D8841F5F427A007AF38D /* Tiquete.swift in Sources */ = {isa = PBXBuildFile; fileRef = B262D8831F5F427A007AF38D /* Tiquete.swift */; };
		B26560E01EE880F400CE258C /* GoogleService-Info.plist in Resources */ = {isa = PBXBuildFile; fileRef = B26560DF1EE880F400CE258C /* GoogleService-Info.plist */; };
		B282BBF31F47143800156456 /* GetNotificacoes.swift in Sources */ = {isa = PBXBuildFile; fileRef = B282BBF21F47143800156456 /* GetNotificacoes.swift */; };
		B282BBF51F4714DE00156456 /* NotificItem.swift in Sources */ = {isa = PBXBuildFile; fileRef = B282BBF41F4714DE00156456 /* NotificItem.swift */; };
		B29213FD1EB8BC1100FE473C /* Assets.xcassets in Resources */ = {isa = PBXBuildFile; fileRef = B29213FC1EB8BC1100FE473C /* Assets.xcassets */; };
		B29213FF1EB8BD1200FE473C /* Logout.swift in Sources */ = {isa = PBXBuildFile; fileRef = B29213FE1EB8BD1200FE473C /* Logout.swift */; };
		B29214011EB8BD4800FE473C /* RenovarAgora.swift in Sources */ = {isa = PBXBuildFile; fileRef = B29214001EB8BD4800FE473C /* RenovarAgora.swift */; };
		B29214031EB8BD5B00FE473C /* Autorrenovacao.swift in Sources */ = {isa = PBXBuildFile; fileRef = B29214021EB8BD5B00FE473C /* Autorrenovacao.swift */; };
		B29214051EB8C2DB00FE473C /* PutDispositivo.swift in Sources */ = {isa = PBXBuildFile; fileRef = B29214041EB8C2DB00FE473C /* PutDispositivo.swift */; };
		B29A97801E1A8019009932D2 /* GetNews.swift in Sources */ = {isa = PBXBuildFile; fileRef = B29A977F1E1A8019009932D2 /* GetNews.swift */; };
		B2A7D1491F4DBED90096911B /* NotificTitleCell.swift in Sources */ = {isa = PBXBuildFile; fileRef = B2A7D1481F4DBED90096911B /* NotificTitleCell.swift */; };
		B2A7D14B1F4DBEF20096911B /* NotificContentCell.swift in Sources */ = {isa = PBXBuildFile; fileRef = B2A7D14A1F4DBEF20096911B /* NotificContentCell.swift */; };
		B2A7D14D1F4DBF1F0096911B /* NotificViewController.swift in Sources */ = {isa = PBXBuildFile; fileRef = B2A7D14C1F4DBF1F0096911B /* NotificViewController.swift */; };
		B2B5C3F51E3B5BAF0048D1E8 /* UserDefaultsUtils.swift in Sources */ = {isa = PBXBuildFile; fileRef = B2B5C3F41E3B5BAF0048D1E8 /* UserDefaultsUtils.swift */; };
		B2BD67161F4B274B00072356 /* notificacoes.json in Resources */ = {isa = PBXBuildFile; fileRef = B2BD67151F4B274B00072356 /* notificacoes.json */; };
		B2CCE8841F6C4E4C0017557D /* AceitaTermo.swift in Sources */ = {isa = PBXBuildFile; fileRef = B2CCE8831F6C4E4C0017557D /* AceitaTermo.swift */; };
		B2EF5A621E5347A10082D63E /* User.swift in Sources */ = {isa = PBXBuildFile; fileRef = B2EF5A611E5347A10082D63E /* User.swift */; };
		B2FF49031E1D8F65007845A8 /* RUCell.swift in Sources */ = {isa = PBXBuildFile; fileRef = B2FF49021E1D8F65007845A8 /* RUCell.swift */; };
		D77F7E414060789045583149 /* Pods_ufrgsmobile.framework in Frameworks */ = {isa = PBXBuildFile; fileRef = 0CCB6E97E68E763ADC3DF0C0 /* Pods_ufrgsmobile.framework */; };
/* End PBXBuildFile section */

/* Begin PBXContainerItemProxy section */
		B21F88031E1A5D0D006ACB0F /* PBXContainerItemProxy */ = {
			isa = PBXContainerItemProxy;
			containerPortal = B21F87E61E1A5D0B006ACB0F /* Project object */;
			proxyType = 1;
			remoteGlobalIDString = B21F87ED1E1A5D0B006ACB0F;
			remoteInfo = ufrgsmobile;
		};
		B21F880E1E1A5D0D006ACB0F /* PBXContainerItemProxy */ = {
			isa = PBXContainerItemProxy;
			containerPortal = B21F87E61E1A5D0B006ACB0F /* Project object */;
			proxyType = 1;
			remoteGlobalIDString = B21F87ED1E1A5D0B006ACB0F;
			remoteInfo = ufrgsmobile;
		};
/* End PBXContainerItemProxy section */

/* Begin PBXFileReference section */
		0CCB6E97E68E763ADC3DF0C0 /* Pods_ufrgsmobile.framework */ = {isa = PBXFileReference; explicitFileType = wrapper.framework; includeInIndex = 0; path = Pods_ufrgsmobile.framework; sourceTree = BUILT_PRODUCTS_DIR; };
		1406B89922C3F50100D6B7A1 /* HtmlUtils.swift */ = {isa = PBXFileReference; lastKnownFileType = sourcecode.swift; path = HtmlUtils.swift; sourceTree = "<group>"; };
		1412D3BC225BE0D000742D50 /* TabBarExtension.swift */ = {isa = PBXFileReference; lastKnownFileType = sourcecode.swift; path = TabBarExtension.swift; sourceTree = "<group>"; };
		144AB1D5226E385C0069CDE2 /* Hero.framework */ = {isa = PBXFileReference; lastKnownFileType = wrapper.framework; name = Hero.framework; path = Carthage/Build/iOS/Hero.framework; sourceTree = "<group>"; };
		144AB1D7226E38A70069CDE2 /* HeroId.swift */ = {isa = PBXFileReference; lastKnownFileType = sourcecode.swift; path = HeroId.swift; sourceTree = "<group>"; };
		1450D7C52212DCBE00BD7112 /* RuExpandableCell.swift */ = {isa = PBXFileReference; fileEncoding = 4; lastKnownFileType = sourcecode.swift; path = RuExpandableCell.swift; sourceTree = "<group>"; };
		1462570221FF44E2005E192C /* RuCardCell.swift */ = {isa = PBXFileReference; lastKnownFileType = sourcecode.swift; path = RuCardCell.swift; sourceTree = "<group>"; };
		1462570421FF50F0005E192C /* RuMenuViewController.storyboard */ = {isa = PBXFileReference; lastKnownFileType = file.storyboard; path = RuMenuViewController.storyboard; sourceTree = "<group>"; };
		1462570621FF52E7005E192C /* RuMenuViewController.swift */ = {isa = PBXFileReference; lastKnownFileType = sourcecode.swift; path = RuMenuViewController.swift; sourceTree = "<group>"; };
		1473804E22529BC500257280 /* NoLoanCell.swift */ = {isa = PBXFileReference; lastKnownFileType = sourcecode.swift; path = NoLoanCell.swift; sourceTree = "<group>"; };
		147380532253950300257280 /* SadOwlView.xib */ = {isa = PBXFileReference; lastKnownFileType = file.xib; path = SadOwlView.xib; sourceTree = "<group>"; };
		14738055225397D500257280 /* SadOwlView.swift */ = {isa = PBXFileReference; lastKnownFileType = sourcecode.swift; path = SadOwlView.swift; sourceTree = "<group>"; };
		1473805722553F1B00257280 /* ImageZoomViewController.swift */ = {isa = PBXFileReference; lastKnownFileType = sourcecode.swift; path = ImageZoomViewController.swift; sourceTree = "<group>"; };
		1489D21F22A1D2B10042A2B8 /* PrivacyPolicyView.xib */ = {isa = PBXFileReference; lastKnownFileType = file.xib; path = PrivacyPolicyView.xib; sourceTree = "<group>"; };
		148CB9B922A1CF1E0002EF48 /* PrivacyPolicyView.swift */ = {isa = PBXFileReference; lastKnownFileType = sourcecode.swift; path = PrivacyPolicyView.swift; sourceTree = "<group>"; };
		148E138021F8C14A0052E7BF /* RestaurantController.swift */ = {isa = PBXFileReference; lastKnownFileType = sourcecode.swift; path = RestaurantController.swift; sourceTree = "<group>"; };
		148E138221F8C6D60052E7BF /* DalCell.swift */ = {isa = PBXFileReference; lastKnownFileType = sourcecode.swift; path = DalCell.swift; sourceTree = "<group>"; };
		14C79EB1221D84A8000415C7 /* DateHelper.swift */ = {isa = PBXFileReference; lastKnownFileType = sourcecode.swift; path = DateHelper.swift; sourceTree = "<group>"; };
		14E16529225FB2A6005B61DB /* ImageExtension.swift */ = {isa = PBXFileReference; lastKnownFileType = sourcecode.swift; path = ImageExtension.swift; sourceTree = "<group>"; };
		14FA009322383AD300BFA267 /* Alamofire.framework */ = {isa = PBXFileReference; lastKnownFileType = wrapper.framework; name = Alamofire.framework; path = Carthage/Build/iOS/Alamofire.framework; sourceTree = "<group>"; };
		14FA009622383D4D00BFA267 /* SwiftOverlays.framework */ = {isa = PBXFileReference; lastKnownFileType = wrapper.framework; name = SwiftOverlays.framework; path = Carthage/Build/iOS/SwiftOverlays.framework; sourceTree = "<group>"; };
		14FA009722383D4D00BFA267 /* SwiftyJSON.framework */ = {isa = PBXFileReference; lastKnownFileType = wrapper.framework; name = SwiftyJSON.framework; path = Carthage/Build/iOS/SwiftyJSON.framework; sourceTree = "<group>"; };
		14FA009822383D4D00BFA267 /* Kingfisher.framework */ = {isa = PBXFileReference; lastKnownFileType = wrapper.framework; name = Kingfisher.framework; path = Carthage/Build/iOS/Kingfisher.framework; sourceTree = "<group>"; };
		15E005A81A631FAB1FF7E1FC /* Pods_ufrgsmobileUITests.framework */ = {isa = PBXFileReference; explicitFileType = wrapper.framework; includeInIndex = 0; path = Pods_ufrgsmobileUITests.framework; sourceTree = BUILT_PRODUCTS_DIR; };
		18075670BA99B58C87CCE328 /* Pods_ufrgsmobileTests.framework */ = {isa = PBXFileReference; explicitFileType = wrapper.framework; includeInIndex = 0; path = Pods_ufrgsmobileTests.framework; sourceTree = BUILT_PRODUCTS_DIR; };
		4EF9774F8B4E7DC531EB0C3F /* Pods-ufrgsmobile.debug.xcconfig */ = {isa = PBXFileReference; includeInIndex = 1; lastKnownFileType = text.xcconfig; name = "Pods-ufrgsmobile.debug.xcconfig"; path = "Pods/Target Support Files/Pods-ufrgsmobile/Pods-ufrgsmobile.debug.xcconfig"; sourceTree = "<group>"; };
		8E4D5C8A6C226ED5E49DEFA6 /* Pods-ufrgsmobile.release.xcconfig */ = {isa = PBXFileReference; includeInIndex = 1; lastKnownFileType = text.xcconfig; name = "Pods-ufrgsmobile.release.xcconfig"; path = "Pods/Target Support Files/Pods-ufrgsmobile/Pods-ufrgsmobile.release.xcconfig"; sourceTree = "<group>"; };
		B209661C1E28E8800021F85D /* ColorExtention.swift */ = {isa = PBXFileReference; fileEncoding = 4; lastKnownFileType = sourcecode.swift; path = ColorExtention.swift; sourceTree = "<group>"; };
		B209661E1E296A510021F85D /* InternetCheck.swift */ = {isa = PBXFileReference; fileEncoding = 4; lastKnownFileType = sourcecode.swift; path = InternetCheck.swift; sourceTree = "<group>"; };
		B214CEA81E23960C00C4731C /* ContentCell.swift */ = {isa = PBXFileReference; fileEncoding = 4; lastKnownFileType = sourcecode.swift; path = ContentCell.swift; sourceTree = "<group>"; };
		B214CEA91E23960C00C4731C /* NewsTitleCell.swift */ = {isa = PBXFileReference; fileEncoding = 4; lastKnownFileType = sourcecode.swift; path = NewsTitleCell.swift; sourceTree = "<group>"; };
		B214CEAE1E23C3D200C4731C /* RUModel.swift */ = {isa = PBXFileReference; fileEncoding = 4; lastKnownFileType = sourcecode.swift; path = RUModel.swift; sourceTree = "<group>"; };
		B214CEB01E23C42400C4731C /* GetRU.swift */ = {isa = PBXFileReference; fileEncoding = 4; lastKnownFileType = sourcecode.swift; path = GetRU.swift; sourceTree = "<group>"; };
		B21F87EE1E1A5D0B006ACB0F /* ufrgsmobile.app */ = {isa = PBXFileReference; explicitFileType = wrapper.application; includeInIndex = 0; path = ufrgsmobile.app; sourceTree = BUILT_PRODUCTS_DIR; };
		B21F87F11E1A5D0C006ACB0F /* AppDelegate.swift */ = {isa = PBXFileReference; lastKnownFileType = sourcecode.swift; path = AppDelegate.swift; sourceTree = "<group>"; };
		B21F87F31E1A5D0C006ACB0F /* OpenNewsController.swift */ = {isa = PBXFileReference; lastKnownFileType = sourcecode.swift; path = OpenNewsController.swift; sourceTree = "<group>"; };
		B21F87F61E1A5D0C006ACB0F /* Base */ = {isa = PBXFileReference; lastKnownFileType = file.storyboard; name = Base; path = Base.lproj/Main.storyboard; sourceTree = "<group>"; };
		B21F87FB1E1A5D0C006ACB0F /* Base */ = {isa = PBXFileReference; lastKnownFileType = file.storyboard; name = Base; path = Base.lproj/LaunchScreen.storyboard; sourceTree = "<group>"; };
		B21F87FD1E1A5D0C006ACB0F /* Info.plist */ = {isa = PBXFileReference; lastKnownFileType = text.plist.xml; path = Info.plist; sourceTree = "<group>"; };
		B21F88021E1A5D0D006ACB0F /* ufrgsmobileTests.xctest */ = {isa = PBXFileReference; explicitFileType = wrapper.cfbundle; includeInIndex = 0; path = ufrgsmobileTests.xctest; sourceTree = BUILT_PRODUCTS_DIR; };
		B21F88061E1A5D0D006ACB0F /* ufrgsmobileTests.swift */ = {isa = PBXFileReference; lastKnownFileType = sourcecode.swift; path = ufrgsmobileTests.swift; sourceTree = "<group>"; };
		B21F88081E1A5D0D006ACB0F /* Info.plist */ = {isa = PBXFileReference; lastKnownFileType = text.plist.xml; path = Info.plist; sourceTree = "<group>"; };
		B21F880D1E1A5D0D006ACB0F /* ufrgsmobileUITests.xctest */ = {isa = PBXFileReference; explicitFileType = wrapper.cfbundle; includeInIndex = 0; path = ufrgsmobileUITests.xctest; sourceTree = BUILT_PRODUCTS_DIR; };
		B21F88111E1A5D0D006ACB0F /* ufrgsmobileUITests.swift */ = {isa = PBXFileReference; lastKnownFileType = sourcecode.swift; path = ufrgsmobileUITests.swift; sourceTree = "<group>"; };
		B21F88131E1A5D0D006ACB0F /* Info.plist */ = {isa = PBXFileReference; lastKnownFileType = text.plist.xml; path = Info.plist; sourceTree = "<group>"; };
		B21F881F1E1A5D46006ACB0F /* LoginController.swift */ = {isa = PBXFileReference; fileEncoding = 4; lastKnownFileType = sourcecode.swift; path = LoginController.swift; sourceTree = "<group>"; };
		B21F88211E1A5D5D006ACB0F /* RUController.swift */ = {isa = PBXFileReference; fileEncoding = 4; lastKnownFileType = sourcecode.swift; path = RUController.swift; sourceTree = "<group>"; };
		B21F88231E1A5D6B006ACB0F /* BiblioController.swift */ = {isa = PBXFileReference; fileEncoding = 4; lastKnownFileType = sourcecode.swift; path = BiblioController.swift; sourceTree = "<group>"; };
		B21F88251E1A5D77006ACB0F /* NewsController.swift */ = {isa = PBXFileReference; fileEncoding = 4; lastKnownFileType = sourcecode.swift; path = NewsController.swift; sourceTree = "<group>"; };
		B21F882E1E1A601F006ACB0F /* NewsItem.swift */ = {isa = PBXFileReference; fileEncoding = 4; lastKnownFileType = sourcecode.swift; path = NewsItem.swift; sourceTree = "<group>"; };
		B22083351E2F8AD500DA11FA /* Book.swift */ = {isa = PBXFileReference; fileEncoding = 4; lastKnownFileType = sourcecode.swift; path = Book.swift; sourceTree = "<group>"; };
		B22083371E2F8B9E00DA11FA /* Login.swift */ = {isa = PBXFileReference; fileEncoding = 4; lastKnownFileType = sourcecode.swift; path = Login.swift; sourceTree = "<group>"; };
		B22083391E2F8BB200DA11FA /* GetBooks.swift */ = {isa = PBXFileReference; fileEncoding = 4; lastKnownFileType = sourcecode.swift; path = GetBooks.swift; sourceTree = "<group>"; };
		B220833B1E2F97FC00DA11FA /* BiblioCell.swift */ = {isa = PBXFileReference; fileEncoding = 4; lastKnownFileType = sourcecode.swift; path = BiblioCell.swift; sourceTree = "<group>"; };
		B225EC0A1E1FC963001D93C4 /* ufrgsmobile-Bridging-Header.h */ = {isa = PBXFileReference; fileEncoding = 4; lastKnownFileType = sourcecode.c.h; path = "ufrgsmobile-Bridging-Header.h"; sourceTree = "<group>"; };
		B22663C61E1D168E005DCC6F /* NewsItemCell.swift */ = {isa = PBXFileReference; fileEncoding = 4; lastKnownFileType = sourcecode.swift; path = NewsItemCell.swift; sourceTree = "<group>"; };
		B25FAD711EEF22640001AE09 /* GetStatus.swift */ = {isa = PBXFileReference; fileEncoding = 4; lastKnownFileType = sourcecode.swift; path = GetStatus.swift; sourceTree = "<group>"; };
		B262D87B1F5F2433007AF38D /* DemoPopupViewController2.swift */ = {isa = PBXFileReference; fileEncoding = 4; lastKnownFileType = sourcecode.swift; path = DemoPopupViewController2.swift; sourceTree = "<group>"; };
		B262D87C1F5F2433007AF38D /* DemoPopupViewController2.storyboard */ = {isa = PBXFileReference; fileEncoding = 4; lastKnownFileType = file.storyboard; path = DemoPopupViewController2.storyboard; sourceTree = "<group>"; };
		B262D87F1F5F25B4007AF38D /* PopupController.swift */ = {isa = PBXFileReference; fileEncoding = 4; lastKnownFileType = sourcecode.swift; path = PopupController.swift; sourceTree = "<group>"; };
		B262D8811F5F349F007AF38D /* GetTiquetes.swift */ = {isa = PBXFileReference; fileEncoding = 4; lastKnownFileType = sourcecode.swift; path = GetTiquetes.swift; sourceTree = "<group>"; };
		B262D8831F5F427A007AF38D /* Tiquete.swift */ = {isa = PBXFileReference; fileEncoding = 4; lastKnownFileType = sourcecode.swift; path = Tiquete.swift; sourceTree = "<group>"; };
		B26560DF1EE880F400CE258C /* GoogleService-Info.plist */ = {isa = PBXFileReference; fileEncoding = 4; lastKnownFileType = text.plist.xml; path = "GoogleService-Info.plist"; sourceTree = "<group>"; };
		B26560E11EE8811200CE258C /* ufrgsmobile.entitlements */ = {isa = PBXFileReference; lastKnownFileType = text.plist.entitlements; path = ufrgsmobile.entitlements; sourceTree = "<group>"; };
		B282BBF21F47143800156456 /* GetNotificacoes.swift */ = {isa = PBXFileReference; fileEncoding = 4; lastKnownFileType = sourcecode.swift; path = GetNotificacoes.swift; sourceTree = "<group>"; };
		B282BBF41F4714DE00156456 /* NotificItem.swift */ = {isa = PBXFileReference; fileEncoding = 4; lastKnownFileType = sourcecode.swift; path = NotificItem.swift; sourceTree = "<group>"; };
		B29213FC1EB8BC1100FE473C /* Assets.xcassets */ = {isa = PBXFileReference; lastKnownFileType = folder.assetcatalog; path = Assets.xcassets; sourceTree = "<group>"; };
		B29213FE1EB8BD1200FE473C /* Logout.swift */ = {isa = PBXFileReference; fileEncoding = 4; lastKnownFileType = sourcecode.swift; path = Logout.swift; sourceTree = "<group>"; };
		B29214001EB8BD4800FE473C /* RenovarAgora.swift */ = {isa = PBXFileReference; fileEncoding = 4; lastKnownFileType = sourcecode.swift; path = RenovarAgora.swift; sourceTree = "<group>"; };
		B29214021EB8BD5B00FE473C /* Autorrenovacao.swift */ = {isa = PBXFileReference; fileEncoding = 4; lastKnownFileType = sourcecode.swift; path = Autorrenovacao.swift; sourceTree = "<group>"; };
		B29214041EB8C2DB00FE473C /* PutDispositivo.swift */ = {isa = PBXFileReference; fileEncoding = 4; lastKnownFileType = sourcecode.swift; path = PutDispositivo.swift; sourceTree = "<group>"; };
		B29A977F1E1A8019009932D2 /* GetNews.swift */ = {isa = PBXFileReference; fileEncoding = 4; lastKnownFileType = sourcecode.swift; path = GetNews.swift; sourceTree = "<group>"; };
		B2A7D1481F4DBED90096911B /* NotificTitleCell.swift */ = {isa = PBXFileReference; fileEncoding = 4; lastKnownFileType = sourcecode.swift; path = NotificTitleCell.swift; sourceTree = "<group>"; };
		B2A7D14A1F4DBEF20096911B /* NotificContentCell.swift */ = {isa = PBXFileReference; fileEncoding = 4; lastKnownFileType = sourcecode.swift; path = NotificContentCell.swift; sourceTree = "<group>"; };
		B2A7D14C1F4DBF1F0096911B /* NotificViewController.swift */ = {isa = PBXFileReference; fileEncoding = 4; lastKnownFileType = sourcecode.swift; path = NotificViewController.swift; sourceTree = "<group>"; };
		B2B5C3F41E3B5BAF0048D1E8 /* UserDefaultsUtils.swift */ = {isa = PBXFileReference; fileEncoding = 4; lastKnownFileType = sourcecode.swift; path = UserDefaultsUtils.swift; sourceTree = "<group>"; };
		B2BD67151F4B274B00072356 /* notificacoes.json */ = {isa = PBXFileReference; fileEncoding = 4; lastKnownFileType = text.json; path = notificacoes.json; sourceTree = "<group>"; };
		B2CCE8831F6C4E4C0017557D /* AceitaTermo.swift */ = {isa = PBXFileReference; fileEncoding = 4; lastKnownFileType = sourcecode.swift; path = AceitaTermo.swift; sourceTree = "<group>"; };
		B2EF5A611E5347A10082D63E /* User.swift */ = {isa = PBXFileReference; fileEncoding = 4; lastKnownFileType = sourcecode.swift; path = User.swift; sourceTree = "<group>"; };
		B2FF49021E1D8F65007845A8 /* RUCell.swift */ = {isa = PBXFileReference; fileEncoding = 4; lastKnownFileType = sourcecode.swift; path = RUCell.swift; sourceTree = "<group>"; };
/* End PBXFileReference section */

/* Begin PBXFrameworksBuildPhase section */
		B21F87EB1E1A5D0B006ACB0F /* Frameworks */ = {
			isa = PBXFrameworksBuildPhase;
			buildActionMask = 2147483647;
			files = (
				144AB1D6226E385C0069CDE2 /* Hero.framework in Frameworks */,
				14FA009922383D4D00BFA267 /* SwiftOverlays.framework in Frameworks */,
				14FA009A22383D4D00BFA267 /* SwiftyJSON.framework in Frameworks */,
				14FA009B22383D4D00BFA267 /* Kingfisher.framework in Frameworks */,
				14FA009422383AD300BFA267 /* Alamofire.framework in Frameworks */,
				D77F7E414060789045583149 /* Pods_ufrgsmobile.framework in Frameworks */,
			);
			runOnlyForDeploymentPostprocessing = 0;
		};
		B21F87FF1E1A5D0D006ACB0F /* Frameworks */ = {
			isa = PBXFrameworksBuildPhase;
			buildActionMask = 2147483647;
			files = (
			);
			runOnlyForDeploymentPostprocessing = 0;
		};
		B21F880A1E1A5D0D006ACB0F /* Frameworks */ = {
			isa = PBXFrameworksBuildPhase;
			buildActionMask = 2147483647;
			files = (
			);
			runOnlyForDeploymentPostprocessing = 0;
		};
/* End PBXFrameworksBuildPhase section */

/* Begin PBXGroup section */
		14738052225394F200257280 /* Views */ = {
			isa = PBXGroup;
			children = (
				147380532253950300257280 /* SadOwlView.xib */,
				14738055225397D500257280 /* SadOwlView.swift */,
				148CB9B922A1CF1E0002EF48 /* PrivacyPolicyView.swift */,
			);
			name = Views;
			sourceTree = "<group>";
		};
		2B306D9D3B8D6E3F6B3D544C /* Pods */ = {
			isa = PBXGroup;
			children = (
				4EF9774F8B4E7DC531EB0C3F /* Pods-ufrgsmobile.debug.xcconfig */,
				8E4D5C8A6C226ED5E49DEFA6 /* Pods-ufrgsmobile.release.xcconfig */,
			);
			name = Pods;
			sourceTree = "<group>";
		};
		B209661B1E28E8640021F85D /* Extentions */ = {
			isa = PBXGroup;
			children = (
				B209661C1E28E8800021F85D /* ColorExtention.swift */,
				1412D3BC225BE0D000742D50 /* TabBarExtension.swift */,
				14E16529225FB2A6005B61DB /* ImageExtension.swift */,
				144AB1D7226E38A70069CDE2 /* HeroId.swift */,
			);
			name = Extentions;
			sourceTree = "<group>";
		};
		B21F87E51E1A5D0B006ACB0F = {
			isa = PBXGroup;
			children = (
				B21F87F01E1A5D0B006ACB0F /* ufrgsmobile */,
				B21F88051E1A5D0D006ACB0F /* ufrgsmobileTests */,
				B21F88101E1A5D0D006ACB0F /* ufrgsmobileUITests */,
				B21F87EF1E1A5D0B006ACB0F /* Products */,
				2B306D9D3B8D6E3F6B3D544C /* Pods */,
				D081C2995612B0BA739EBBA9 /* Frameworks */,
			);
			sourceTree = "<group>";
		};
		B21F87EF1E1A5D0B006ACB0F /* Products */ = {
			isa = PBXGroup;
			children = (
				B21F87EE1E1A5D0B006ACB0F /* ufrgsmobile.app */,
				B21F88021E1A5D0D006ACB0F /* ufrgsmobileTests.xctest */,
				B21F880D1E1A5D0D006ACB0F /* ufrgsmobileUITests.xctest */,
			);
			name = Products;
			sourceTree = "<group>";
		};
		B21F87F01E1A5D0B006ACB0F /* ufrgsmobile */ = {
			isa = PBXGroup;
			children = (
				14738052225394F200257280 /* Views */,
				1489D21F22A1D2B10042A2B8 /* PrivacyPolicyView.xib */,
				B21F882B1E1A5E91006ACB0F /* API */,
				B29213FC1EB8BC1100FE473C /* Assets.xcassets */,
				B2FF49011E1D8F44007845A8 /* CustomCell */,
				B209661B1E28E8640021F85D /* Extentions */,
				B21F88271E1A5E31006ACB0F /* Interface */,
				B21F88281E1A5E6F006ACB0F /* Models */,
				B21F882D1E1A5EFB006ACB0F /* Storyboards */,
				B21F88291E1A5E7B006ACB0F /* Support */,
				B21F882C1E1A5EDA006ACB0F /* Utils */,
			);
			path = ufrgsmobile;
			sourceTree = "<group>";
		};
		B21F88051E1A5D0D006ACB0F /* ufrgsmobileTests */ = {
			isa = PBXGroup;
			children = (
				B21F88061E1A5D0D006ACB0F /* ufrgsmobileTests.swift */,
				B21F88081E1A5D0D006ACB0F /* Info.plist */,
			);
			path = ufrgsmobileTests;
			sourceTree = "<group>";
		};
		B21F88101E1A5D0D006ACB0F /* ufrgsmobileUITests */ = {
			isa = PBXGroup;
			children = (
				B21F88111E1A5D0D006ACB0F /* ufrgsmobileUITests.swift */,
				B21F88131E1A5D0D006ACB0F /* Info.plist */,
			);
			path = ufrgsmobileUITests;
			sourceTree = "<group>";
		};
		B21F88271E1A5E31006ACB0F /* Interface */ = {
			isa = PBXGroup;
			children = (
				B21F88231E1A5D6B006ACB0F /* BiblioController.swift */,
				B21F881F1E1A5D46006ACB0F /* LoginController.swift */,
				B21F88251E1A5D77006ACB0F /* NewsController.swift */,
				B2A7D14C1F4DBF1F0096911B /* NotificViewController.swift */,
				B21F87F31E1A5D0C006ACB0F /* OpenNewsController.swift */,
				B21F88211E1A5D5D006ACB0F /* RUController.swift */,
				1462570621FF52E7005E192C /* RuMenuViewController.swift */,
				148E138021F8C14A0052E7BF /* RestaurantController.swift */,
				1473805722553F1B00257280 /* ImageZoomViewController.swift */,
			);
			name = Interface;
			sourceTree = "<group>";
		};
		B21F88281E1A5E6F006ACB0F /* Models */ = {
			isa = PBXGroup;
			children = (
				B21F882E1E1A601F006ACB0F /* NewsItem.swift */,
				B282BBF41F4714DE00156456 /* NotificItem.swift */,
				B214CEAE1E23C3D200C4731C /* RUModel.swift */,
				B22083351E2F8AD500DA11FA /* Book.swift */,
				B2EF5A611E5347A10082D63E /* User.swift */,
				B262D8831F5F427A007AF38D /* Tiquete.swift */,
			);
			name = Models;
			sourceTree = "<group>";
		};
		B21F88291E1A5E7B006ACB0F /* Support */ = {
			isa = PBXGroup;
			children = (
				B26560E11EE8811200CE258C /* ufrgsmobile.entitlements */,
				B2BD67151F4B274B00072356 /* notificacoes.json */,
				B26560DF1EE880F400CE258C /* GoogleService-Info.plist */,
				B21F87FD1E1A5D0C006ACB0F /* Info.plist */,
				B21F87F11E1A5D0C006ACB0F /* AppDelegate.swift */,
				B2B5C3F41E3B5BAF0048D1E8 /* UserDefaultsUtils.swift */,
				B225EC0A1E1FC963001D93C4 /* ufrgsmobile-Bridging-Header.h */,
			);
			name = Support;
			sourceTree = "<group>";
		};
		B21F882B1E1A5E91006ACB0F /* API */ = {
			isa = PBXGroup;
			children = (
				B29A977F1E1A8019009932D2 /* GetNews.swift */,
				B214CEB01E23C42400C4731C /* GetRU.swift */,
				B22083371E2F8B9E00DA11FA /* Login.swift */,
				B22083391E2F8BB200DA11FA /* GetBooks.swift */,
				B25FAD711EEF22640001AE09 /* GetStatus.swift */,
				B29213FE1EB8BD1200FE473C /* Logout.swift */,
				B29214041EB8C2DB00FE473C /* PutDispositivo.swift */,
				B29214001EB8BD4800FE473C /* RenovarAgora.swift */,
				B29214021EB8BD5B00FE473C /* Autorrenovacao.swift */,
				B262D8811F5F349F007AF38D /* GetTiquetes.swift */,
				B2CCE8831F6C4E4C0017557D /* AceitaTermo.swift */,
				B282BBF21F47143800156456 /* GetNotificacoes.swift */,
			);
			name = API;
			sourceTree = "<group>";
		};
		B21F882C1E1A5EDA006ACB0F /* Utils */ = {
			isa = PBXGroup;
			children = (
				B209661E1E296A510021F85D /* InternetCheck.swift */,
				14C79EB1221D84A8000415C7 /* DateHelper.swift */,
				1406B89922C3F50100D6B7A1 /* HtmlUtils.swift */,
			);
			name = Utils;
			sourceTree = "<group>";
		};
		B21F882D1E1A5EFB006ACB0F /* Storyboards */ = {
			isa = PBXGroup;
			children = (
				B262D87F1F5F25B4007AF38D /* PopupController.swift */,
				B262D87B1F5F2433007AF38D /* DemoPopupViewController2.swift */,
				B262D87C1F5F2433007AF38D /* DemoPopupViewController2.storyboard */,
				B21F87F51E1A5D0C006ACB0F /* Main.storyboard */,
				B21F87FA1E1A5D0C006ACB0F /* LaunchScreen.storyboard */,
				1462570421FF50F0005E192C /* RuMenuViewController.storyboard */,
			);
			name = Storyboards;
			sourceTree = "<group>";
		};
		B2FF49011E1D8F44007845A8 /* CustomCell */ = {
			isa = PBXGroup;
			children = (
				1450D7C52212DCBE00BD7112 /* RuExpandableCell.swift */,
				1473804E22529BC500257280 /* NoLoanCell.swift */,
				B214CEA81E23960C00C4731C /* ContentCell.swift */,
				B214CEA91E23960C00C4731C /* NewsTitleCell.swift */,
				B22663C61E1D168E005DCC6F /* NewsItemCell.swift */,
				B2FF49021E1D8F65007845A8 /* RUCell.swift */,
				B220833B1E2F97FC00DA11FA /* BiblioCell.swift */,
				B2A7D1481F4DBED90096911B /* NotificTitleCell.swift */,
				B2A7D14A1F4DBEF20096911B /* NotificContentCell.swift */,
				148E138221F8C6D60052E7BF /* DalCell.swift */,
				1462570221FF44E2005E192C /* RuCardCell.swift */,
			);
			name = CustomCell;
			sourceTree = "<group>";
		};
		D081C2995612B0BA739EBBA9 /* Frameworks */ = {
			isa = PBXGroup;
			children = (
				144AB1D5226E385C0069CDE2 /* Hero.framework */,
				14FA009822383D4D00BFA267 /* Kingfisher.framework */,
				14FA009622383D4D00BFA267 /* SwiftOverlays.framework */,
				14FA009722383D4D00BFA267 /* SwiftyJSON.framework */,
				14FA009322383AD300BFA267 /* Alamofire.framework */,
				0CCB6E97E68E763ADC3DF0C0 /* Pods_ufrgsmobile.framework */,
				18075670BA99B58C87CCE328 /* Pods_ufrgsmobileTests.framework */,
				15E005A81A631FAB1FF7E1FC /* Pods_ufrgsmobileUITests.framework */,
			);
			name = Frameworks;
			sourceTree = "<group>";
		};
/* End PBXGroup section */

/* Begin PBXNativeTarget section */
		B21F87ED1E1A5D0B006ACB0F /* ufrgsmobile */ = {
			isa = PBXNativeTarget;
			buildConfigurationList = B21F88161E1A5D0D006ACB0F /* Build configuration list for PBXNativeTarget "ufrgsmobile" */;
			buildPhases = (
				874DF63A17C8308CB93732F8 /* [CP] Check Pods Manifest.lock */,
				B21F87EA1E1A5D0B006ACB0F /* Sources */,
				B21F87EB1E1A5D0B006ACB0F /* Frameworks */,
				B21F87EC1E1A5D0B006ACB0F /* Resources */,
				AA7ACCAB9A728738943490A3 /* [CP] Embed Pods Frameworks */,
				AA8E53CEF3B42400F3A13A99 /* [CP] Copy Pods Resources */,
				14FA009522383ADF00BFA267 /* ShellScript */,
			);
			buildRules = (
			);
			dependencies = (
			);
			name = ufrgsmobile;
			productName = ufrgsmobile;
			productReference = B21F87EE1E1A5D0B006ACB0F /* ufrgsmobile.app */;
			productType = "com.apple.product-type.application";
		};
		B21F88011E1A5D0D006ACB0F /* ufrgsmobileTests */ = {
			isa = PBXNativeTarget;
			buildConfigurationList = B21F88191E1A5D0D006ACB0F /* Build configuration list for PBXNativeTarget "ufrgsmobileTests" */;
			buildPhases = (
				B21F87FE1E1A5D0D006ACB0F /* Sources */,
				B21F87FF1E1A5D0D006ACB0F /* Frameworks */,
				B21F88001E1A5D0D006ACB0F /* Resources */,
			);
			buildRules = (
			);
			dependencies = (
				B21F88041E1A5D0D006ACB0F /* PBXTargetDependency */,
			);
			name = ufrgsmobileTests;
			productName = ufrgsmobileTests;
			productReference = B21F88021E1A5D0D006ACB0F /* ufrgsmobileTests.xctest */;
			productType = "com.apple.product-type.bundle.unit-test";
		};
		B21F880C1E1A5D0D006ACB0F /* ufrgsmobileUITests */ = {
			isa = PBXNativeTarget;
			buildConfigurationList = B21F881C1E1A5D0D006ACB0F /* Build configuration list for PBXNativeTarget "ufrgsmobileUITests" */;
			buildPhases = (
				B21F88091E1A5D0D006ACB0F /* Sources */,
				B21F880A1E1A5D0D006ACB0F /* Frameworks */,
				B21F880B1E1A5D0D006ACB0F /* Resources */,
			);
			buildRules = (
			);
			dependencies = (
				B21F880F1E1A5D0D006ACB0F /* PBXTargetDependency */,
			);
			name = ufrgsmobileUITests;
			productName = ufrgsmobileUITests;
			productReference = B21F880D1E1A5D0D006ACB0F /* ufrgsmobileUITests.xctest */;
			productType = "com.apple.product-type.bundle.ui-testing";
		};
/* End PBXNativeTarget section */

/* Begin PBXProject section */
		B21F87E61E1A5D0B006ACB0F /* Project object */ = {
			isa = PBXProject;
			attributes = {
				LastSwiftUpdateCheck = 0820;
				LastUpgradeCheck = 0930;
				ORGANIZATIONNAME = "CPD UFRGS";
				TargetAttributes = {
					B21F87ED1E1A5D0B006ACB0F = {
						CreatedOnToolsVersion = 8.2;
						DevelopmentTeam = TE8EPEUQM4;
						LastSwiftMigration = 0930;
						ProvisioningStyle = Automatic;
						SystemCapabilities = {
							com.apple.Push = {
								enabled = 1;
							};
						};
					};
					B21F88011E1A5D0D006ACB0F = {
						CreatedOnToolsVersion = 8.2;
						DevelopmentTeam = TE8EPEUQM4;
						LastSwiftMigration = 0930;
						ProvisioningStyle = Automatic;
						TestTargetID = B21F87ED1E1A5D0B006ACB0F;
					};
					B21F880C1E1A5D0D006ACB0F = {
						CreatedOnToolsVersion = 8.2;
						DevelopmentTeam = TE8EPEUQM4;
						LastSwiftMigration = 0930;
						ProvisioningStyle = Automatic;
						TestTargetID = B21F87ED1E1A5D0B006ACB0F;
					};
				};
			};
			buildConfigurationList = B21F87E91E1A5D0B006ACB0F /* Build configuration list for PBXProject "ufrgsmobile" */;
			compatibilityVersion = "Xcode 3.2";
			developmentRegion = English;
			hasScannedForEncodings = 0;
			knownRegions = (
				en,
				Base,
			);
			mainGroup = B21F87E51E1A5D0B006ACB0F;
			productRefGroup = B21F87EF1E1A5D0B006ACB0F /* Products */;
			projectDirPath = "";
			projectRoot = "";
			targets = (
				B21F87ED1E1A5D0B006ACB0F /* ufrgsmobile */,
				B21F88011E1A5D0D006ACB0F /* ufrgsmobileTests */,
				B21F880C1E1A5D0D006ACB0F /* ufrgsmobileUITests */,
			);
		};
/* End PBXProject section */

/* Begin PBXResourcesBuildPhase section */
		B21F87EC1E1A5D0B006ACB0F /* Resources */ = {
			isa = PBXResourcesBuildPhase;
			buildActionMask = 2147483647;
			files = (
				B2BD67161F4B274B00072356 /* notificacoes.json in Resources */,
				B21F87FC1E1A5D0C006ACB0F /* LaunchScreen.storyboard in Resources */,
				1489D22022A1D2B10042A2B8 /* PrivacyPolicyView.xib in Resources */,
				B26560E01EE880F400CE258C /* GoogleService-Info.plist in Resources */,
				B29213FD1EB8BC1100FE473C /* Assets.xcassets in Resources */,
				147380542253950300257280 /* SadOwlView.xib in Resources */,
				B262D87E1F5F2433007AF38D /* DemoPopupViewController2.storyboard in Resources */,
				B21F87F71E1A5D0C006ACB0F /* Main.storyboard in Resources */,
				1462570521FF50F0005E192C /* RuMenuViewController.storyboard in Resources */,
			);
			runOnlyForDeploymentPostprocessing = 0;
		};
		B21F88001E1A5D0D006ACB0F /* Resources */ = {
			isa = PBXResourcesBuildPhase;
			buildActionMask = 2147483647;
			files = (
			);
			runOnlyForDeploymentPostprocessing = 0;
		};
		B21F880B1E1A5D0D006ACB0F /* Resources */ = {
			isa = PBXResourcesBuildPhase;
			buildActionMask = 2147483647;
			files = (
			);
			runOnlyForDeploymentPostprocessing = 0;
		};
/* End PBXResourcesBuildPhase section */

/* Begin PBXShellScriptBuildPhase section */
		14FA009522383ADF00BFA267 /* ShellScript */ = {
			isa = PBXShellScriptBuildPhase;
			buildActionMask = 2147483647;
			files = (
			);
			inputPaths = (
				"$(SRCROOT)/Carthage/Build/iOS/Alamofire.framework",
				"$(SRCROOT)/Carthage/Build/iOS/Kingfisher.framework",
				"$(SRCROOT)/Carthage/Build/iOS/SwiftOverlays.framework",
				"$(SRCROOT)/Carthage/Build/iOS/SwiftyJSON.framework",
				"$(SRCROOT)/Carthage/Build/iOS/Hero.framework",
			);
			outputPaths = (
				"$(BUILT_PRODUCTS_DIR)/$(FRAMEWORKS_FOLDER_PATH)/Alamofire.framework",
				"$(BUILT_PRODUCTS_DIR)/$(FRAMEWORKS_FOLDER_PATH)/Kingfisher.framework",
				"$(BUILT_PRODUCTS_DIR)/$(FRAMEWORKS_FOLDER_PATH)/SwiftOverlays.framework",
				"$(BUILT_PRODUCTS_DIR)/$(FRAMEWORKS_FOLDER_PATH)/SwiftyJSON.framework",
				"$(BUILT_PRODUCTS_DIR)/$(FRAMEWORKS_FOLDER_PATH)/Hero.framework",
			);
			runOnlyForDeploymentPostprocessing = 0;
			shellPath = /bin/sh;
			shellScript = "# Type a script or drag a script file from your workspace to insert its path.\n/usr/local/bin/carthage copy-frameworks\n";
		};
		874DF63A17C8308CB93732F8 /* [CP] Check Pods Manifest.lock */ = {
			isa = PBXShellScriptBuildPhase;
			buildActionMask = 2147483647;
			files = (
			);
			inputPaths = (
				"${PODS_PODFILE_DIR_PATH}/Podfile.lock",
				"${PODS_ROOT}/Manifest.lock",
			);
			name = "[CP] Check Pods Manifest.lock";
			outputPaths = (
				"$(DERIVED_FILE_DIR)/Pods-ufrgsmobile-checkManifestLockResult.txt",
			);
			runOnlyForDeploymentPostprocessing = 0;
			shellPath = /bin/sh;
			shellScript = "diff \"${PODS_PODFILE_DIR_PATH}/Podfile.lock\" \"${PODS_ROOT}/Manifest.lock\" > /dev/null\nif [ $? != 0 ] ; then\n    # print error to STDERR\n    echo \"error: The sandbox is not in sync with the Podfile.lock. Run 'pod install' or update your CocoaPods installation.\" >&2\n    exit 1\nfi\n# This output is used by Xcode 'outputs' to avoid re-running this script phase.\necho \"SUCCESS\" > \"${SCRIPT_OUTPUT_FILE_0}\"\n";
			showEnvVarsInLog = 0;
		};
		AA7ACCAB9A728738943490A3 /* [CP] Embed Pods Frameworks */ = {
			isa = PBXShellScriptBuildPhase;
			buildActionMask = 2147483647;
			files = (
			);
			inputPaths = (
				"${SRCROOT}/Pods/Target Support Files/Pods-ufrgsmobile/Pods-ufrgsmobile-frameworks.sh",
				"${BUILT_PRODUCTS_DIR}/GoogleUtilities/GoogleUtilities.framework",
				"${BUILT_PRODUCTS_DIR}/Protobuf/Protobuf.framework",
				"${BUILT_PRODUCTS_DIR}/SwiftSoup/SwiftSoup.framework",
				"${BUILT_PRODUCTS_DIR}/nanopb/nanopb.framework",
			);
			name = "[CP] Embed Pods Frameworks";
			outputPaths = (
				"${TARGET_BUILD_DIR}/${FRAMEWORKS_FOLDER_PATH}/GoogleUtilities.framework",
				"${TARGET_BUILD_DIR}/${FRAMEWORKS_FOLDER_PATH}/Protobuf.framework",
				"${TARGET_BUILD_DIR}/${FRAMEWORKS_FOLDER_PATH}/SwiftSoup.framework",
				"${TARGET_BUILD_DIR}/${FRAMEWORKS_FOLDER_PATH}/nanopb.framework",
			);
			runOnlyForDeploymentPostprocessing = 0;
			shellPath = /bin/sh;
			shellScript = "\"${SRCROOT}/Pods/Target Support Files/Pods-ufrgsmobile/Pods-ufrgsmobile-frameworks.sh\"\n";
			showEnvVarsInLog = 0;
		};
		AA8E53CEF3B42400F3A13A99 /* [CP] Copy Pods Resources */ = {
			isa = PBXShellScriptBuildPhase;
			buildActionMask = 2147483647;
			files = (
			);
			inputPaths = (
			);
			name = "[CP] Copy Pods Resources";
			outputPaths = (
			);
			runOnlyForDeploymentPostprocessing = 0;
			shellPath = /bin/sh;
			shellScript = "\"${SRCROOT}/Pods/Target Support Files/Pods-ufrgsmobile/Pods-ufrgsmobile-resources.sh\"\n";
			showEnvVarsInLog = 0;
		};
/* End PBXShellScriptBuildPhase section */

/* Begin PBXSourcesBuildPhase section */
		B21F87EA1E1A5D0B006ACB0F /* Sources */ = {
			isa = PBXSourcesBuildPhase;
			buildActionMask = 2147483647;
			files = (
				148CB9BA22A1CF1E0002EF48 /* PrivacyPolicyView.swift in Sources */,
				B209661F1E296A510021F85D /* InternetCheck.swift in Sources */,
				B2B5C3F51E3B5BAF0048D1E8 /* UserDefaultsUtils.swift in Sources */,
				B2FF49031E1D8F65007845A8 /* RUCell.swift in Sources */,
				B282BBF31F47143800156456 /* GetNotificacoes.swift in Sources */,
				1473804F22529BC500257280 /* NoLoanCell.swift in Sources */,
				B262D87D1F5F2433007AF38D /* DemoPopupViewController2.swift in Sources */,
				B214CEAB1E23960C00C4731C /* ContentCell.swift in Sources */,
				B21F88261E1A5D77006ACB0F /* NewsController.swift in Sources */,
				1450D7C62212DCBE00BD7112 /* RuExpandableCell.swift in Sources */,
				B21F882F1E1A601F006ACB0F /* NewsItem.swift in Sources */,
				B220833C1E2F97FC00DA11FA /* BiblioCell.swift in Sources */,
				B2A7D14D1F4DBF1F0096911B /* NotificViewController.swift in Sources */,
				B29214011EB8BD4800FE473C /* RenovarAgora.swift in Sources */,
				B262D8821F5F349F007AF38D /* GetTiquetes.swift in Sources */,
				1473805822553F1B00257280 /* ImageZoomViewController.swift in Sources */,
				148E138321F8C6D60052E7BF /* DalCell.swift in Sources */,
				14C79EB2221D84A8000415C7 /* DateHelper.swift in Sources */,
				1412D3BD225BE0D000742D50 /* TabBarExtension.swift in Sources */,
				1462570321FF44E2005E192C /* RuCardCell.swift in Sources */,
				B2CCE8841F6C4E4C0017557D /* AceitaTermo.swift in Sources */,
				B262D8841F5F427A007AF38D /* Tiquete.swift in Sources */,
				B2A7D14B1F4DBEF20096911B /* NotificContentCell.swift in Sources */,
				B220833A1E2F8BB200DA11FA /* GetBooks.swift in Sources */,
				B21F88221E1A5D5D006ACB0F /* RUController.swift in Sources */,
				B214CEAC1E23960C00C4731C /* NewsTitleCell.swift in Sources */,
				B214CEB11E23C42400C4731C /* GetRU.swift in Sources */,
				B21F88241E1A5D6B006ACB0F /* BiblioController.swift in Sources */,
				B29213FF1EB8BD1200FE473C /* Logout.swift in Sources */,
				B22663C71E1D168E005DCC6F /* NewsItemCell.swift in Sources */,
				B22083381E2F8B9E00DA11FA /* Login.swift in Sources */,
				B22083361E2F8AD500DA11FA /* Book.swift in Sources */,
				14E1652A225FB2A6005B61DB /* ImageExtension.swift in Sources */,
				B29214031EB8BD5B00FE473C /* Autorrenovacao.swift in Sources */,
				B214CEAF1E23C3D200C4731C /* RUModel.swift in Sources */,
				B29214051EB8C2DB00FE473C /* PutDispositivo.swift in Sources */,
				B21F87F41E1A5D0C006ACB0F /* OpenNewsController.swift in Sources */,
				B282BBF51F4714DE00156456 /* NotificItem.swift in Sources */,
				B262D8801F5F25B4007AF38D /* PopupController.swift in Sources */,
				B209661D1E28E8800021F85D /* ColorExtention.swift in Sources */,
				144AB1D8226E38A70069CDE2 /* HeroId.swift in Sources */,
				1406B89A22C3F50100D6B7A1 /* HtmlUtils.swift in Sources */,
				1462570721FF52E7005E192C /* RuMenuViewController.swift in Sources */,
				B2EF5A621E5347A10082D63E /* User.swift in Sources */,
				148E138121F8C14A0052E7BF /* RestaurantController.swift in Sources */,
				B21F88201E1A5D46006ACB0F /* LoginController.swift in Sources */,
				B29A97801E1A8019009932D2 /* GetNews.swift in Sources */,
				B25FAD721EEF22640001AE09 /* GetStatus.swift in Sources */,
				14738056225397D500257280 /* SadOwlView.swift in Sources */,
				B21F87F21E1A5D0C006ACB0F /* AppDelegate.swift in Sources */,
				B2A7D1491F4DBED90096911B /* NotificTitleCell.swift in Sources */,
			);
			runOnlyForDeploymentPostprocessing = 0;
		};
		B21F87FE1E1A5D0D006ACB0F /* Sources */ = {
			isa = PBXSourcesBuildPhase;
			buildActionMask = 2147483647;
			files = (
				B21F88071E1A5D0D006ACB0F /* ufrgsmobileTests.swift in Sources */,
			);
			runOnlyForDeploymentPostprocessing = 0;
		};
		B21F88091E1A5D0D006ACB0F /* Sources */ = {
			isa = PBXSourcesBuildPhase;
			buildActionMask = 2147483647;
			files = (
				B21F88121E1A5D0D006ACB0F /* ufrgsmobileUITests.swift in Sources */,
			);
			runOnlyForDeploymentPostprocessing = 0;
		};
/* End PBXSourcesBuildPhase section */

/* Begin PBXTargetDependency section */
		B21F88041E1A5D0D006ACB0F /* PBXTargetDependency */ = {
			isa = PBXTargetDependency;
			target = B21F87ED1E1A5D0B006ACB0F /* ufrgsmobile */;
			targetProxy = B21F88031E1A5D0D006ACB0F /* PBXContainerItemProxy */;
		};
		B21F880F1E1A5D0D006ACB0F /* PBXTargetDependency */ = {
			isa = PBXTargetDependency;
			target = B21F87ED1E1A5D0B006ACB0F /* ufrgsmobile */;
			targetProxy = B21F880E1E1A5D0D006ACB0F /* PBXContainerItemProxy */;
		};
/* End PBXTargetDependency section */

/* Begin PBXVariantGroup section */
		B21F87F51E1A5D0C006ACB0F /* Main.storyboard */ = {
			isa = PBXVariantGroup;
			children = (
				B21F87F61E1A5D0C006ACB0F /* Base */,
			);
			name = Main.storyboard;
			sourceTree = "<group>";
		};
		B21F87FA1E1A5D0C006ACB0F /* LaunchScreen.storyboard */ = {
			isa = PBXVariantGroup;
			children = (
				B21F87FB1E1A5D0C006ACB0F /* Base */,
			);
			name = LaunchScreen.storyboard;
			sourceTree = "<group>";
		};
/* End PBXVariantGroup section */

/* Begin XCBuildConfiguration section */
		B21F88141E1A5D0D006ACB0F /* Debug */ = {
			isa = XCBuildConfiguration;
			buildSettings = {
				ALWAYS_SEARCH_USER_PATHS = NO;
				CLANG_ANALYZER_NONNULL = YES;
				CLANG_CXX_LANGUAGE_STANDARD = "gnu++0x";
				CLANG_CXX_LIBRARY = "libc++";
				CLANG_ENABLE_MODULES = YES;
				CLANG_ENABLE_OBJC_ARC = YES;
				CLANG_WARN_BLOCK_CAPTURE_AUTORELEASING = YES;
				CLANG_WARN_BOOL_CONVERSION = YES;
				CLANG_WARN_COMMA = YES;
				CLANG_WARN_CONSTANT_CONVERSION = YES;
				CLANG_WARN_DEPRECATED_OBJC_IMPLEMENTATIONS = YES;
				CLANG_WARN_DIRECT_OBJC_ISA_USAGE = YES_ERROR;
				CLANG_WARN_DOCUMENTATION_COMMENTS = YES;
				CLANG_WARN_EMPTY_BODY = YES;
				CLANG_WARN_ENUM_CONVERSION = YES;
				CLANG_WARN_INFINITE_RECURSION = YES;
				CLANG_WARN_INT_CONVERSION = YES;
				CLANG_WARN_NON_LITERAL_NULL_CONVERSION = YES;
				CLANG_WARN_OBJC_IMPLICIT_RETAIN_SELF = YES;
				CLANG_WARN_OBJC_LITERAL_CONVERSION = YES;
				CLANG_WARN_OBJC_ROOT_CLASS = YES_ERROR;
				CLANG_WARN_RANGE_LOOP_ANALYSIS = YES;
				CLANG_WARN_STRICT_PROTOTYPES = YES;
				CLANG_WARN_SUSPICIOUS_MOVE = YES;
				CLANG_WARN_UNREACHABLE_CODE = YES;
				CLANG_WARN__DUPLICATE_METHOD_MATCH = YES;
				"CODE_SIGN_IDENTITY[sdk=iphoneos*]" = "iPhone Developer";
				COPY_PHASE_STRIP = NO;
				DEBUG_INFORMATION_FORMAT = dwarf;
				ENABLE_STRICT_OBJC_MSGSEND = YES;
				ENABLE_TESTABILITY = YES;
				GCC_C_LANGUAGE_STANDARD = gnu99;
				GCC_DYNAMIC_NO_PIC = NO;
				GCC_NO_COMMON_BLOCKS = YES;
				GCC_OPTIMIZATION_LEVEL = 0;
				GCC_PREPROCESSOR_DEFINITIONS = (
					"DEBUG=1",
					"$(inherited)",
				);
				GCC_WARN_64_TO_32_BIT_CONVERSION = YES;
				GCC_WARN_ABOUT_RETURN_TYPE = YES_ERROR;
				GCC_WARN_UNDECLARED_SELECTOR = YES;
				GCC_WARN_UNINITIALIZED_AUTOS = YES_AGGRESSIVE;
				GCC_WARN_UNUSED_FUNCTION = YES;
				GCC_WARN_UNUSED_VARIABLE = YES;
				IPHONEOS_DEPLOYMENT_TARGET = 9.0;
				MTL_ENABLE_DEBUG_INFO = YES;
				ONLY_ACTIVE_ARCH = YES;
				SDKROOT = iphoneos;
				SWIFT_ACTIVE_COMPILATION_CONDITIONS = DEBUG;
				SWIFT_OPTIMIZATION_LEVEL = "-Onone";
			};
			name = Debug;
		};
		B21F88151E1A5D0D006ACB0F /* Release */ = {
			isa = XCBuildConfiguration;
			buildSettings = {
				ALWAYS_SEARCH_USER_PATHS = NO;
				CLANG_ANALYZER_NONNULL = YES;
				CLANG_CXX_LANGUAGE_STANDARD = "gnu++0x";
				CLANG_CXX_LIBRARY = "libc++";
				CLANG_ENABLE_MODULES = YES;
				CLANG_ENABLE_OBJC_ARC = YES;
				CLANG_WARN_BLOCK_CAPTURE_AUTORELEASING = YES;
				CLANG_WARN_BOOL_CONVERSION = YES;
				CLANG_WARN_COMMA = YES;
				CLANG_WARN_CONSTANT_CONVERSION = YES;
				CLANG_WARN_DEPRECATED_OBJC_IMPLEMENTATIONS = YES;
				CLANG_WARN_DIRECT_OBJC_ISA_USAGE = YES_ERROR;
				CLANG_WARN_DOCUMENTATION_COMMENTS = YES;
				CLANG_WARN_EMPTY_BODY = YES;
				CLANG_WARN_ENUM_CONVERSION = YES;
				CLANG_WARN_INFINITE_RECURSION = YES;
				CLANG_WARN_INT_CONVERSION = YES;
				CLANG_WARN_NON_LITERAL_NULL_CONVERSION = YES;
				CLANG_WARN_OBJC_IMPLICIT_RETAIN_SELF = YES;
				CLANG_WARN_OBJC_LITERAL_CONVERSION = YES;
				CLANG_WARN_OBJC_ROOT_CLASS = YES_ERROR;
				CLANG_WARN_RANGE_LOOP_ANALYSIS = YES;
				CLANG_WARN_STRICT_PROTOTYPES = YES;
				CLANG_WARN_SUSPICIOUS_MOVE = YES;
				CLANG_WARN_UNREACHABLE_CODE = YES;
				CLANG_WARN__DUPLICATE_METHOD_MATCH = YES;
				"CODE_SIGN_IDENTITY[sdk=iphoneos*]" = "iPhone Developer";
				COPY_PHASE_STRIP = NO;
				DEBUG_INFORMATION_FORMAT = "dwarf-with-dsym";
				ENABLE_NS_ASSERTIONS = NO;
				ENABLE_STRICT_OBJC_MSGSEND = YES;
				GCC_C_LANGUAGE_STANDARD = gnu99;
				GCC_NO_COMMON_BLOCKS = YES;
				GCC_WARN_64_TO_32_BIT_CONVERSION = YES;
				GCC_WARN_ABOUT_RETURN_TYPE = YES_ERROR;
				GCC_WARN_UNDECLARED_SELECTOR = YES;
				GCC_WARN_UNINITIALIZED_AUTOS = YES_AGGRESSIVE;
				GCC_WARN_UNUSED_FUNCTION = YES;
				GCC_WARN_UNUSED_VARIABLE = YES;
				IPHONEOS_DEPLOYMENT_TARGET = 9.0;
				MTL_ENABLE_DEBUG_INFO = NO;
				SDKROOT = iphoneos;
				SWIFT_OPTIMIZATION_LEVEL = "-Owholemodule";
				VALIDATE_PRODUCT = YES;
			};
			name = Release;
		};
		B21F88171E1A5D0D006ACB0F /* Debug */ = {
			isa = XCBuildConfiguration;
			baseConfigurationReference = 4EF9774F8B4E7DC531EB0C3F /* Pods-ufrgsmobile.debug.xcconfig */;
			buildSettings = {
				ASSETCATALOG_COMPILER_APPICON_NAME = AppIcon;
				CODE_SIGN_ENTITLEMENTS = ufrgsmobile/ufrgsmobile.entitlements;
				"CODE_SIGN_IDENTITY[sdk=iphoneos*]" = "iPhone Developer";
				DEVELOPMENT_TEAM = TE8EPEUQM4;
				FRAMEWORK_SEARCH_PATHS = (
					"$(inherited)",
					"$(PROJECT_DIR)/Carthage/Build/iOS",
				);
				INFOPLIST_FILE = ufrgsmobile/Info.plist;
				IPHONEOS_DEPLOYMENT_TARGET = 9.0;
				LD_RUNPATH_SEARCH_PATHS = "$(inherited) @executable_path/Frameworks";
				PRODUCT_BUNDLE_IDENTIFIER = cpd.br.ufrgsmobile;
				PRODUCT_NAME = "$(TARGET_NAME)";
				PROVISIONING_PROFILE = "";
				PROVISIONING_PROFILE_SPECIFIER = "";
				SWIFT_SWIFT3_OBJC_INFERENCE = On;
				SWIFT_VERSION = 4.0;
			};
			name = Debug;
		};
		B21F88181E1A5D0D006ACB0F /* Release */ = {
			isa = XCBuildConfiguration;
			baseConfigurationReference = 8E4D5C8A6C226ED5E49DEFA6 /* Pods-ufrgsmobile.release.xcconfig */;
			buildSettings = {
				ASSETCATALOG_COMPILER_APPICON_NAME = AppIcon;
				CODE_SIGN_ENTITLEMENTS = ufrgsmobile/ufrgsmobile.entitlements;
				"CODE_SIGN_IDENTITY[sdk=iphoneos*]" = "iPhone Developer";
				DEVELOPMENT_TEAM = TE8EPEUQM4;
				FRAMEWORK_SEARCH_PATHS = (
					"$(inherited)",
					"$(PROJECT_DIR)/Carthage/Build/iOS",
				);
				INFOPLIST_FILE = ufrgsmobile/Info.plist;
				IPHONEOS_DEPLOYMENT_TARGET = 9.0;
				LD_RUNPATH_SEARCH_PATHS = "$(inherited) @executable_path/Frameworks";
				PRODUCT_BUNDLE_IDENTIFIER = cpd.br.ufrgsmobile;
				PRODUCT_NAME = "$(TARGET_NAME)";
				PROVISIONING_PROFILE = "";
				PROVISIONING_PROFILE_SPECIFIER = "";
				SWIFT_SWIFT3_OBJC_INFERENCE = On;
				SWIFT_VERSION = 4.0;
			};
			name = Release;
		};
		B21F881A1E1A5D0D006ACB0F /* Debug */ = {
			isa = XCBuildConfiguration;
			buildSettings = {
				ALWAYS_EMBED_SWIFT_STANDARD_LIBRARIES = YES;
				BUNDLE_LOADER = "$(TEST_HOST)";
				DEVELOPMENT_TEAM = TE8EPEUQM4;
				INFOPLIST_FILE = ufrgsmobileTests/Info.plist;
				LD_RUNPATH_SEARCH_PATHS = "$(inherited) @executable_path/Frameworks @loader_path/Frameworks";
				PRODUCT_BUNDLE_IDENTIFIER = cpd.br.ufrgsmobileTests;
				PRODUCT_NAME = "$(TARGET_NAME)";
				SWIFT_SWIFT3_OBJC_INFERENCE = On;
				SWIFT_VERSION = 4.0;
				TEST_HOST = "$(BUILT_PRODUCTS_DIR)/ufrgsmobile.app/ufrgsmobile";
			};
			name = Debug;
		};
		B21F881B1E1A5D0D006ACB0F /* Release */ = {
			isa = XCBuildConfiguration;
			buildSettings = {
				ALWAYS_EMBED_SWIFT_STANDARD_LIBRARIES = YES;
				BUNDLE_LOADER = "$(TEST_HOST)";
				DEVELOPMENT_TEAM = TE8EPEUQM4;
				INFOPLIST_FILE = ufrgsmobileTests/Info.plist;
				LD_RUNPATH_SEARCH_PATHS = "$(inherited) @executable_path/Frameworks @loader_path/Frameworks";
				PRODUCT_BUNDLE_IDENTIFIER = cpd.br.ufrgsmobileTests;
				PRODUCT_NAME = "$(TARGET_NAME)";
				SWIFT_SWIFT3_OBJC_INFERENCE = On;
				SWIFT_VERSION = 4.0;
				TEST_HOST = "$(BUILT_PRODUCTS_DIR)/ufrgsmobile.app/ufrgsmobile";
			};
			name = Release;
		};
		B21F881D1E1A5D0D006ACB0F /* Debug */ = {
			isa = XCBuildConfiguration;
			buildSettings = {
				ALWAYS_EMBED_SWIFT_STANDARD_LIBRARIES = YES;
				DEVELOPMENT_TEAM = TE8EPEUQM4;
				INFOPLIST_FILE = ufrgsmobileUITests/Info.plist;
				LD_RUNPATH_SEARCH_PATHS = "$(inherited) @executable_path/Frameworks @loader_path/Frameworks";
				PRODUCT_BUNDLE_IDENTIFIER = cpd.br.ufrgsmobileUITests;
				PRODUCT_NAME = "$(TARGET_NAME)";
				SWIFT_SWIFT3_OBJC_INFERENCE = On;
				SWIFT_VERSION = 4.0;
				TEST_TARGET_NAME = ufrgsmobile;
			};
			name = Debug;
		};
		B21F881E1E1A5D0D006ACB0F /* Release */ = {
			isa = XCBuildConfiguration;
			buildSettings = {
				ALWAYS_EMBED_SWIFT_STANDARD_LIBRARIES = YES;
				DEVELOPMENT_TEAM = TE8EPEUQM4;
				INFOPLIST_FILE = ufrgsmobileUITests/Info.plist;
				LD_RUNPATH_SEARCH_PATHS = "$(inherited) @executable_path/Frameworks @loader_path/Frameworks";
				PRODUCT_BUNDLE_IDENTIFIER = cpd.br.ufrgsmobileUITests;
				PRODUCT_NAME = "$(TARGET_NAME)";
				SWIFT_SWIFT3_OBJC_INFERENCE = On;
				SWIFT_VERSION = 4.0;
				TEST_TARGET_NAME = ufrgsmobile;
			};
			name = Release;
		};
/* End XCBuildConfiguration section */

/* Begin XCConfigurationList section */
		B21F87E91E1A5D0B006ACB0F /* Build configuration list for PBXProject "ufrgsmobile" */ = {
			isa = XCConfigurationList;
			buildConfigurations = (
				B21F88141E1A5D0D006ACB0F /* Debug */,
				B21F88151E1A5D0D006ACB0F /* Release */,
			);
			defaultConfigurationIsVisible = 0;
			defaultConfigurationName = Release;
		};
		B21F88161E1A5D0D006ACB0F /* Build configuration list for PBXNativeTarget "ufrgsmobile" */ = {
			isa = XCConfigurationList;
			buildConfigurations = (
				B21F88171E1A5D0D006ACB0F /* Debug */,
				B21F88181E1A5D0D006ACB0F /* Release */,
			);
			defaultConfigurationIsVisible = 0;
			defaultConfigurationName = Release;
		};
		B21F88191E1A5D0D006ACB0F /* Build configuration list for PBXNativeTarget "ufrgsmobileTests" */ = {
			isa = XCConfigurationList;
			buildConfigurations = (
				B21F881A1E1A5D0D006ACB0F /* Debug */,
				B21F881B1E1A5D0D006ACB0F /* Release */,
			);
			defaultConfigurationIsVisible = 0;
			defaultConfigurationName = Release;
		};
		B21F881C1E1A5D0D006ACB0F /* Build configuration list for PBXNativeTarget "ufrgsmobileUITests" */ = {
			isa = XCConfigurationList;
			buildConfigurations = (
				B21F881D1E1A5D0D006ACB0F /* Debug */,
				B21F881E1E1A5D0D006ACB0F /* Release */,
			);
			defaultConfigurationIsVisible = 0;
			defaultConfigurationName = Release;
		};
/* End XCConfigurationList section */
	};
	rootObject = B21F87E61E1A5D0B006ACB0F /* Project object */;
}
