// !$*UTF8*$!
{
	archiveVersion = 1;
	classes = {
	};
	objectVersion = 46;
	objects = {

/* Begin PBXBuildFile section */
		E1688594747B7E02DE8B6E24 /* libPods-ufrgsmobile.a in Frameworks */ = {isa = PBXBuildFile; fileRef = CA4A6478EEFF34EB59B96C46 /* libPods-ufrgsmobile.a */; };
		E402CFCF1BBF186900FEAA82 /* json.swift in Sources */ = {isa = PBXBuildFile; fileRef = E402CFCE1BBF186900FEAA82 /* json.swift */; };
		E423B0EF1BA340E200BA5F00 /* BiblioCell.swift in Sources */ = {isa = PBXBuildFile; fileRef = E423B0EE1BA340E200BA5F00 /* BiblioCell.swift */; };
		E4578E6B1B7E822700AD42B5 /* UIImageView+AFNetworking.swift in Sources */ = {isa = PBXBuildFile; fileRef = E4578E6A1B7E822700AD42B5 /* UIImageView+AFNetworking.swift */; };
		E49C8DB81B75177700D3A028 /* AppDelegate.swift in Sources */ = {isa = PBXBuildFile; fileRef = E49C8DB71B75177700D3A028 /* AppDelegate.swift */; };
		E49C8DBD1B75177700D3A028 /* Main.storyboard in Resources */ = {isa = PBXBuildFile; fileRef = E49C8DBB1B75177700D3A028 /* Main.storyboard */; };
		E49C8DBF1B75177700D3A028 /* Images.xcassets in Resources */ = {isa = PBXBuildFile; fileRef = E49C8DBE1B75177700D3A028 /* Images.xcassets */; };
		E49C8DC21B75177700D3A028 /* LaunchScreen.xib in Resources */ = {isa = PBXBuildFile; fileRef = E49C8DC01B75177700D3A028 /* LaunchScreen.xib */; };
		E49C8DD91B7519A700D3A028 /* NewsViewController.swift in Sources */ = {isa = PBXBuildFile; fileRef = E49C8DD81B7519A700D3A028 /* NewsViewController.swift */; };
		E49C8DDB1B7519B300D3A028 /* BiblioViewController.swift in Sources */ = {isa = PBXBuildFile; fileRef = E49C8DDA1B7519B300D3A028 /* BiblioViewController.swift */; };
		E49C8DDD1B7519BD00D3A028 /* RUViewController.swift in Sources */ = {isa = PBXBuildFile; fileRef = E49C8DDC1B7519BD00D3A028 /* RUViewController.swift */; };
		E49C8DE01B75790C00D3A028 /* CustomTableViewCell.swift in Sources */ = {isa = PBXBuildFile; fileRef = E49C8DDF1B75790C00D3A028 /* CustomTableViewCell.swift */; };
		E49C8DE31B7579B400D3A028 /* NewsItem.swift in Sources */ = {isa = PBXBuildFile; fileRef = E49C8DE21B7579B400D3A028 /* NewsItem.swift */; };
		E4B7D1A31BA895CE00B505BD /* RuTableViewCell.swift in Sources */ = {isa = PBXBuildFile; fileRef = E4B7D1A21BA895CE00B505BD /* RuTableViewCell.swift */; };
		E4EF06B11B9A183C0029AAA8 /* Book.swift in Sources */ = {isa = PBXBuildFile; fileRef = E4EF06B01B9A183C0029AAA8 /* Book.swift */; };
		E4EF06B31B9A18460029AAA8 /* User.swift in Sources */ = {isa = PBXBuildFile; fileRef = E4EF06B21B9A18460029AAA8 /* User.swift */; };
		E4EF06B81B9A18530029AAA8 /* TFHpple.m in Sources */ = {isa = PBXBuildFile; fileRef = E4EF06B51B9A18530029AAA8 /* TFHpple.m */; };
		E4EF06B91B9A18530029AAA8 /* TFHppleElement.m in Sources */ = {isa = PBXBuildFile; fileRef = E4EF06B71B9A18530029AAA8 /* TFHppleElement.m */; };
		E4EF06BC1B9A185C0029AAA8 /* XPathQuery.m in Sources */ = {isa = PBXBuildFile; fileRef = E4EF06BB1B9A185C0029AAA8 /* XPathQuery.m */; };
		E4EF06BE1B9A1B040029AAA8 /* libz.dylib in Frameworks */ = {isa = PBXBuildFile; fileRef = E4EF06BD1B9A1B040029AAA8 /* libz.dylib */; };
		E4EF06C01B9A1B4F0029AAA8 /* libxml2.dylib in Frameworks */ = {isa = PBXBuildFile; fileRef = E4EF06BF1B9A1B4F0029AAA8 /* libxml2.dylib */; };
		E4EF2C9F1B878C770015D0BD /* OpenNewsViewController.swift in Sources */ = {isa = PBXBuildFile; fileRef = E4EF2C9E1B878C770015D0BD /* OpenNewsViewController.swift */; };
		E4F131B11BBC44190004D18C /* RUModel.swift in Sources */ = {isa = PBXBuildFile; fileRef = E4F131B01BBC44190004D18C /* RUModel.swift */; };
/* End PBXBuildFile section */

/* Begin PBXContainerItemProxy section */
		E49C8DC81B75177700D3A028 /* PBXContainerItemProxy */ = {
			isa = PBXContainerItemProxy;
			containerPortal = E49C8DAA1B75177700D3A028 /* Project object */;
			proxyType = 1;
			remoteGlobalIDString = E49C8DB11B75177700D3A028;
			remoteInfo = ufrgsmobile;
		};
/* End PBXContainerItemProxy section */

/* Begin PBXFileReference section */
		276D1886E561AF20953870F6 /* Pods-ufrgsmobile.release.xcconfig */ = {isa = PBXFileReference; includeInIndex = 1; lastKnownFileType = text.xcconfig; name = "Pods-ufrgsmobile.release.xcconfig"; path = "Pods/Target Support Files/Pods-ufrgsmobile/Pods-ufrgsmobile.release.xcconfig"; sourceTree = "<group>"; };
		CA4A6478EEFF34EB59B96C46 /* libPods-ufrgsmobile.a */ = {isa = PBXFileReference; explicitFileType = archive.ar; includeInIndex = 0; path = "libPods-ufrgsmobile.a"; sourceTree = BUILT_PRODUCTS_DIR; };
		CAAA7030F60E69425264796B /* Pods-ufrgsmobile.debug.xcconfig */ = {isa = PBXFileReference; includeInIndex = 1; lastKnownFileType = text.xcconfig; name = "Pods-ufrgsmobile.debug.xcconfig"; path = "Pods/Target Support Files/Pods-ufrgsmobile/Pods-ufrgsmobile.debug.xcconfig"; sourceTree = "<group>"; };
		E402CFCE1BBF186900FEAA82 /* json.swift */ = {isa = PBXFileReference; fileEncoding = 4; lastKnownFileType = sourcecode.swift; path = json.swift; sourceTree = "<group>"; };
		E423B0EE1BA340E200BA5F00 /* BiblioCell.swift */ = {isa = PBXFileReference; fileEncoding = 4; lastKnownFileType = sourcecode.swift; path = BiblioCell.swift; sourceTree = "<group>"; };
		E4578E651B7E736500AD42B5 /* ufrgsmobile-Bridging-Header.h */ = {isa = PBXFileReference; lastKnownFileType = sourcecode.c.h; path = "ufrgsmobile-Bridging-Header.h"; sourceTree = "<group>"; };
		E4578E6A1B7E822700AD42B5 /* UIImageView+AFNetworking.swift */ = {isa = PBXFileReference; fileEncoding = 4; lastKnownFileType = sourcecode.swift; path = "UIImageView+AFNetworking.swift"; sourceTree = "<group>"; };
		E49C8DB21B75177700D3A028 /* ufrgsmobile.app */ = {isa = PBXFileReference; explicitFileType = wrapper.application; includeInIndex = 0; path = ufrgsmobile.app; sourceTree = BUILT_PRODUCTS_DIR; };
		E49C8DB61B75177700D3A028 /* Info.plist */ = {isa = PBXFileReference; lastKnownFileType = text.plist.xml; path = Info.plist; sourceTree = "<group>"; };
		E49C8DB71B75177700D3A028 /* AppDelegate.swift */ = {isa = PBXFileReference; lastKnownFileType = sourcecode.swift; path = AppDelegate.swift; sourceTree = "<group>"; };
		E49C8DBC1B75177700D3A028 /* Base */ = {isa = PBXFileReference; lastKnownFileType = file.storyboard; name = Base; path = Base.lproj/Main.storyboard; sourceTree = "<group>"; };
		E49C8DBE1B75177700D3A028 /* Images.xcassets */ = {isa = PBXFileReference; lastKnownFileType = folder.assetcatalog; path = Images.xcassets; sourceTree = "<group>"; };
		E49C8DC11B75177700D3A028 /* Base */ = {isa = PBXFileReference; lastKnownFileType = file.xib; name = Base; path = Base.lproj/LaunchScreen.xib; sourceTree = "<group>"; };
		E49C8DC71B75177700D3A028 /* ufrgsmobileTests.xctest */ = {isa = PBXFileReference; explicitFileType = wrapper.cfbundle; includeInIndex = 0; path = ufrgsmobileTests.xctest; sourceTree = BUILT_PRODUCTS_DIR; };
		E49C8DD81B7519A700D3A028 /* NewsViewController.swift */ = {isa = PBXFileReference; fileEncoding = 4; lastKnownFileType = sourcecode.swift; path = NewsViewController.swift; sourceTree = "<group>"; };
		E49C8DDA1B7519B300D3A028 /* BiblioViewController.swift */ = {isa = PBXFileReference; fileEncoding = 4; lastKnownFileType = sourcecode.swift; path = BiblioViewController.swift; sourceTree = "<group>"; };
		E49C8DDC1B7519BD00D3A028 /* RUViewController.swift */ = {isa = PBXFileReference; fileEncoding = 4; lastKnownFileType = sourcecode.swift; path = RUViewController.swift; sourceTree = "<group>"; };
		E49C8DDF1B75790C00D3A028 /* CustomTableViewCell.swift */ = {isa = PBXFileReference; fileEncoding = 4; lastKnownFileType = sourcecode.swift; path = CustomTableViewCell.swift; sourceTree = "<group>"; };
		E49C8DE21B7579B400D3A028 /* NewsItem.swift */ = {isa = PBXFileReference; fileEncoding = 4; lastKnownFileType = sourcecode.swift; path = NewsItem.swift; sourceTree = "<group>"; };
		E4B7D1A21BA895CE00B505BD /* RuTableViewCell.swift */ = {isa = PBXFileReference; fileEncoding = 4; lastKnownFileType = sourcecode.swift; path = RuTableViewCell.swift; sourceTree = "<group>"; };
		E4EF06B01B9A183C0029AAA8 /* Book.swift */ = {isa = PBXFileReference; fileEncoding = 4; lastKnownFileType = sourcecode.swift; path = Book.swift; sourceTree = "<group>"; };
		E4EF06B21B9A18460029AAA8 /* User.swift */ = {isa = PBXFileReference; fileEncoding = 4; lastKnownFileType = sourcecode.swift; path = User.swift; sourceTree = "<group>"; };
		E4EF06B41B9A18530029AAA8 /* TFHpple.h */ = {isa = PBXFileReference; fileEncoding = 4; lastKnownFileType = sourcecode.c.h; path = TFHpple.h; sourceTree = "<group>"; };
		E4EF06B51B9A18530029AAA8 /* TFHpple.m */ = {isa = PBXFileReference; fileEncoding = 4; lastKnownFileType = sourcecode.c.objc; path = TFHpple.m; sourceTree = "<group>"; };
		E4EF06B61B9A18530029AAA8 /* TFHppleElement.h */ = {isa = PBXFileReference; fileEncoding = 4; lastKnownFileType = sourcecode.c.h; path = TFHppleElement.h; sourceTree = "<group>"; };
		E4EF06B71B9A18530029AAA8 /* TFHppleElement.m */ = {isa = PBXFileReference; fileEncoding = 4; lastKnownFileType = sourcecode.c.objc; path = TFHppleElement.m; sourceTree = "<group>"; };
		E4EF06BA1B9A185C0029AAA8 /* XPathQuery.h */ = {isa = PBXFileReference; fileEncoding = 4; lastKnownFileType = sourcecode.c.h; path = XPathQuery.h; sourceTree = "<group>"; };
		E4EF06BB1B9A185C0029AAA8 /* XPathQuery.m */ = {isa = PBXFileReference; fileEncoding = 4; lastKnownFileType = sourcecode.c.objc; path = XPathQuery.m; sourceTree = "<group>"; };
		E4EF06BD1B9A1B040029AAA8 /* libz.dylib */ = {isa = PBXFileReference; lastKnownFileType = "compiled.mach-o.dylib"; name = libz.dylib; path = usr/lib/libz.dylib; sourceTree = SDKROOT; };
		E4EF06BF1B9A1B4F0029AAA8 /* libxml2.dylib */ = {isa = PBXFileReference; lastKnownFileType = "compiled.mach-o.dylib"; name = libxml2.dylib; path = usr/lib/libxml2.dylib; sourceTree = SDKROOT; };
		E4EF2C9E1B878C770015D0BD /* OpenNewsViewController.swift */ = {isa = PBXFileReference; fileEncoding = 4; lastKnownFileType = sourcecode.swift; path = OpenNewsViewController.swift; sourceTree = "<group>"; };
		E4F131B01BBC44190004D18C /* RUModel.swift */ = {isa = PBXFileReference; fileEncoding = 4; lastKnownFileType = sourcecode.swift; path = RUModel.swift; sourceTree = "<group>"; };
/* End PBXFileReference section */

/* Begin PBXFrameworksBuildPhase section */
		E49C8DAF1B75177700D3A028 /* Frameworks */ = {
			isa = PBXFrameworksBuildPhase;
			buildActionMask = 2147483647;
			files = (
				E4EF06C01B9A1B4F0029AAA8 /* libxml2.dylib in Frameworks */,
				E4EF06BE1B9A1B040029AAA8 /* libz.dylib in Frameworks */,
				E1688594747B7E02DE8B6E24 /* libPods-ufrgsmobile.a in Frameworks */,
			);
			runOnlyForDeploymentPostprocessing = 0;
		};
		E49C8DC41B75177700D3A028 /* Frameworks */ = {
			isa = PBXFrameworksBuildPhase;
			buildActionMask = 2147483647;
			files = (
			);
			runOnlyForDeploymentPostprocessing = 0;
		};
/* End PBXFrameworksBuildPhase section */

/* Begin PBXGroup section */
		BE281DAFB9C7F0E6BD275F0F /* Frameworks */ = {
			isa = PBXGroup;
			children = (
				E4EF06BF1B9A1B4F0029AAA8 /* libxml2.dylib */,
				E4EF06BD1B9A1B040029AAA8 /* libz.dylib */,
				CA4A6478EEFF34EB59B96C46 /* libPods-ufrgsmobile.a */,
			);
			name = Frameworks;
			sourceTree = "<group>";
		};
		CB2AF1073C9AB1C0C0F1B672 /* Pods */ = {
			isa = PBXGroup;
			children = (
				CAAA7030F60E69425264796B /* Pods-ufrgsmobile.debug.xcconfig */,
				276D1886E561AF20953870F6 /* Pods-ufrgsmobile.release.xcconfig */,
			);
			name = Pods;
			sourceTree = "<group>";
		};
		E4578E641B7E726C00AD42B5 /* libs */ = {
			isa = PBXGroup;
			children = (
				E402CFCE1BBF186900FEAA82 /* json.swift */,
				E4EF06BA1B9A185C0029AAA8 /* XPathQuery.h */,
				E4EF06BB1B9A185C0029AAA8 /* XPathQuery.m */,
				E4EF06B41B9A18530029AAA8 /* TFHpple.h */,
				E4EF06B51B9A18530029AAA8 /* TFHpple.m */,
				E4EF06B61B9A18530029AAA8 /* TFHppleElement.h */,
				E4EF06B71B9A18530029AAA8 /* TFHppleElement.m */,
				E4578E6A1B7E822700AD42B5 /* UIImageView+AFNetworking.swift */,
			);
			name = libs;
			sourceTree = "<group>";
		};
		E49C8DA91B75177700D3A028 = {
			isa = PBXGroup;
			children = (
				E49C8DB41B75177700D3A028 /* ufrgsmobile */,
				E49C8DB31B75177700D3A028 /* Products */,
				CB2AF1073C9AB1C0C0F1B672 /* Pods */,
				BE281DAFB9C7F0E6BD275F0F /* Frameworks */,
			);
			sourceTree = "<group>";
		};
		E49C8DB31B75177700D3A028 /* Products */ = {
			isa = PBXGroup;
			children = (
				E49C8DB21B75177700D3A028 /* ufrgsmobile.app */,
				E49C8DC71B75177700D3A028 /* ufrgsmobileTests.xctest */,
			);
			name = Products;
			sourceTree = "<group>";
		};
		E49C8DB41B75177700D3A028 /* ufrgsmobile */ = {
			isa = PBXGroup;
			children = (
				E49C8DE11B75799500D3A028 /* Models */,
				E49C8DDE1B7578CB00D3A028 /* Support */,
				E49C8DD71B7518F900D3A028 /* Controllers */,
				E49C8DB71B75177700D3A028 /* AppDelegate.swift */,
				E49C8DBB1B75177700D3A028 /* Main.storyboard */,
				E49C8DBE1B75177700D3A028 /* Images.xcassets */,
				E49C8DC01B75177700D3A028 /* LaunchScreen.xib */,
				E49C8DB51B75177700D3A028 /* Supporting Files */,
			);
			path = ufrgsmobile;
			sourceTree = "<group>";
		};
		E49C8DB51B75177700D3A028 /* Supporting Files */ = {
			isa = PBXGroup;
			children = (
				E4578E651B7E736500AD42B5 /* ufrgsmobile-Bridging-Header.h */,
				E49C8DB61B75177700D3A028 /* Info.plist */,
			);
			name = "Supporting Files";
			sourceTree = "<group>";
		};
		E49C8DD71B7518F900D3A028 /* Controllers */ = {
			isa = PBXGroup;
			children = (
				E49C8DD81B7519A700D3A028 /* NewsViewController.swift */,
				E49C8DDA1B7519B300D3A028 /* BiblioViewController.swift */,
				E49C8DDC1B7519BD00D3A028 /* RUViewController.swift */,
				E4EF2C9E1B878C770015D0BD /* OpenNewsViewController.swift */,
			);
			name = Controllers;
			sourceTree = "<group>";
		};
		E49C8DDE1B7578CB00D3A028 /* Support */ = {
			isa = PBXGroup;
			children = (
				E4578E641B7E726C00AD42B5 /* libs */,
				E49C8DDF1B75790C00D3A028 /* CustomTableViewCell.swift */,
				E4B7D1A21BA895CE00B505BD /* RuTableViewCell.swift */,
			);
			name = Support;
			sourceTree = "<group>";
		};
		E49C8DE11B75799500D3A028 /* Models */ = {
			isa = PBXGroup;
			children = (
				E4EF06B01B9A183C0029AAA8 /* Book.swift */,
				E4EF06B21B9A18460029AAA8 /* User.swift */,
				E49C8DE21B7579B400D3A028 /* NewsItem.swift */,
				E423B0EE1BA340E200BA5F00 /* BiblioCell.swift */,
				E4F131B01BBC44190004D18C /* RUModel.swift */,
			);
			name = Models;
			sourceTree = "<group>";
		};
/* End PBXGroup section */

/* Begin PBXNativeTarget section */
		E49C8DB11B75177700D3A028 /* ufrgsmobile */ = {
			isa = PBXNativeTarget;
			buildConfigurationList = E49C8DD11B75177700D3A028 /* Build configuration list for PBXNativeTarget "ufrgsmobile" */;
			buildPhases = (
				E672A9D8F1933B6847E6D588 /* Check Pods Manifest.lock */,
				E49C8DAE1B75177700D3A028 /* Sources */,
				E49C8DAF1B75177700D3A028 /* Frameworks */,
				E49C8DB01B75177700D3A028 /* Resources */,
				DC93FCC4ED775FA93D300E13 /* Copy Pods Resources */,
				F390D6E8DAD5086F6ADA583A /* Embed Pods Frameworks */,
			);
			buildRules = (
			);
			dependencies = (
			);
			name = ufrgsmobile;
			productName = ufrgsmobile;
			productReference = E49C8DB21B75177700D3A028 /* ufrgsmobile.app */;
			productType = "com.apple.product-type.application";
		};
		E49C8DC61B75177700D3A028 /* ufrgsmobileTests */ = {
			isa = PBXNativeTarget;
			buildConfigurationList = E49C8DD41B75177700D3A028 /* Build configuration list for PBXNativeTarget "ufrgsmobileTests" */;
			buildPhases = (
				E49C8DC31B75177700D3A028 /* Sources */,
				E49C8DC41B75177700D3A028 /* Frameworks */,
				E49C8DC51B75177700D3A028 /* Resources */,
			);
			buildRules = (
			);
			dependencies = (
				E49C8DC91B75177700D3A028 /* PBXTargetDependency */,
			);
			name = ufrgsmobileTests;
			productName = ufrgsmobileTests;
			productReference = E49C8DC71B75177700D3A028 /* ufrgsmobileTests.xctest */;
			productType = "com.apple.product-type.bundle.unit-test";
		};
/* End PBXNativeTarget section */

/* Begin PBXProject section */
		E49C8DAA1B75177700D3A028 /* Project object */ = {
			isa = PBXProject;
			attributes = {
				LastSwiftMigration = 0700;
				LastSwiftUpdateCheck = 0700;
				LastUpgradeCheck = 0640;
				ORGANIZATIONNAME = "Theodoro L. Mota";
				TargetAttributes = {
					E49C8DB11B75177700D3A028 = {
						CreatedOnToolsVersion = 6.4;
						DevelopmentTeam = TE8EPEUQM4;
					};
					E49C8DC61B75177700D3A028 = {
						CreatedOnToolsVersion = 6.4;
						TestTargetID = E49C8DB11B75177700D3A028;
					};
				};
			};
			buildConfigurationList = E49C8DAD1B75177700D3A028 /* Build configuration list for PBXProject "ufrgsmobile" */;
			compatibilityVersion = "Xcode 3.2";
			developmentRegion = English;
			hasScannedForEncodings = 0;
			knownRegions = (
				en,
				Base,
			);
			mainGroup = E49C8DA91B75177700D3A028;
			productRefGroup = E49C8DB31B75177700D3A028 /* Products */;
			projectDirPath = "";
			projectRoot = "";
			targets = (
				E49C8DB11B75177700D3A028 /* ufrgsmobile */,
				E49C8DC61B75177700D3A028 /* ufrgsmobileTests */,
			);
		};
/* End PBXProject section */

/* Begin PBXResourcesBuildPhase section */
		E49C8DB01B75177700D3A028 /* Resources */ = {
			isa = PBXResourcesBuildPhase;
			buildActionMask = 2147483647;
			files = (
				E49C8DBD1B75177700D3A028 /* Main.storyboard in Resources */,
				E49C8DC21B75177700D3A028 /* LaunchScreen.xib in Resources */,
				E49C8DBF1B75177700D3A028 /* Images.xcassets in Resources */,
			);
			runOnlyForDeploymentPostprocessing = 0;
		};
		E49C8DC51B75177700D3A028 /* Resources */ = {
			isa = PBXResourcesBuildPhase;
			buildActionMask = 2147483647;
			files = (
			);
			runOnlyForDeploymentPostprocessing = 0;
		};
/* End PBXResourcesBuildPhase section */

/* Begin PBXShellScriptBuildPhase section */
		DC93FCC4ED775FA93D300E13 /* Copy Pods Resources */ = {
			isa = PBXShellScriptBuildPhase;
			buildActionMask = 2147483647;
			files = (
			);
			inputPaths = (
			);
			name = "Copy Pods Resources";
			outputPaths = (
			);
			runOnlyForDeploymentPostprocessing = 0;
			shellPath = /bin/sh;
			shellScript = "\"${SRCROOT}/Pods/Target Support Files/Pods-ufrgsmobile/Pods-ufrgsmobile-resources.sh\"\n";
			showEnvVarsInLog = 0;
		};
		E672A9D8F1933B6847E6D588 /* Check Pods Manifest.lock */ = {
			isa = PBXShellScriptBuildPhase;
			buildActionMask = 2147483647;
			files = (
			);
			inputPaths = (
			);
			name = "Check Pods Manifest.lock";
			outputPaths = (
			);
			runOnlyForDeploymentPostprocessing = 0;
			shellPath = /bin/sh;
			shellScript = "diff \"${PODS_ROOT}/../Podfile.lock\" \"${PODS_ROOT}/Manifest.lock\" > /dev/null\nif [[ $? != 0 ]] ; then\n    cat << EOM\nerror: The sandbox is not in sync with the Podfile.lock. Run 'pod install' or update your CocoaPods installation.\nEOM\n    exit 1\nfi\n";
			showEnvVarsInLog = 0;
		};
		F390D6E8DAD5086F6ADA583A /* Embed Pods Frameworks */ = {
			isa = PBXShellScriptBuildPhase;
			buildActionMask = 2147483647;
			files = (
			);
			inputPaths = (
			);
			name = "Embed Pods Frameworks";
			outputPaths = (
			);
			runOnlyForDeploymentPostprocessing = 0;
			shellPath = /bin/sh;
			shellScript = "\"${SRCROOT}/Pods/Target Support Files/Pods-ufrgsmobile/Pods-ufrgsmobile-frameworks.sh\"\n";
			showEnvVarsInLog = 0;
		};
/* End PBXShellScriptBuildPhase section */

/* Begin PBXSourcesBuildPhase section */
		E49C8DAE1B75177700D3A028 /* Sources */ = {
			isa = PBXSourcesBuildPhase;
			buildActionMask = 2147483647;
			files = (
				E4EF06B91B9A18530029AAA8 /* TFHppleElement.m in Sources */,
				E49C8DD91B7519A700D3A028 /* NewsViewController.swift in Sources */,
				E49C8DE31B7579B400D3A028 /* NewsItem.swift in Sources */,
				E49C8DE01B75790C00D3A028 /* CustomTableViewCell.swift in Sources */,
				E4578E6B1B7E822700AD42B5 /* UIImageView+AFNetworking.swift in Sources */,
				E49C8DDB1B7519B300D3A028 /* BiblioViewController.swift in Sources */,
				E4EF06B11B9A183C0029AAA8 /* Book.swift in Sources */,
				E4F131B11BBC44190004D18C /* RUModel.swift in Sources */,
				E4EF2C9F1B878C770015D0BD /* OpenNewsViewController.swift in Sources */,
				E423B0EF1BA340E200BA5F00 /* BiblioCell.swift in Sources */,
				E4EF06BC1B9A185C0029AAA8 /* XPathQuery.m in Sources */,
				E4B7D1A31BA895CE00B505BD /* RuTableViewCell.swift in Sources */,
				E402CFCF1BBF186900FEAA82 /* json.swift in Sources */,
				E49C8DDD1B7519BD00D3A028 /* RUViewController.swift in Sources */,
				E4EF06B31B9A18460029AAA8 /* User.swift in Sources */,
				E4EF06B81B9A18530029AAA8 /* TFHpple.m in Sources */,
				E49C8DB81B75177700D3A028 /* AppDelegate.swift in Sources */,
			);
			runOnlyForDeploymentPostprocessing = 0;
		};
		E49C8DC31B75177700D3A028 /* Sources */ = {
			isa = PBXSourcesBuildPhase;
			buildActionMask = 2147483647;
			files = (
			);
			runOnlyForDeploymentPostprocessing = 0;
		};
/* End PBXSourcesBuildPhase section */

/* Begin PBXTargetDependency section */
		E49C8DC91B75177700D3A028 /* PBXTargetDependency */ = {
			isa = PBXTargetDependency;
			target = E49C8DB11B75177700D3A028 /* ufrgsmobile */;
			targetProxy = E49C8DC81B75177700D3A028 /* PBXContainerItemProxy */;
		};
/* End PBXTargetDependency section */

/* Begin PBXVariantGroup section */
		E49C8DBB1B75177700D3A028 /* Main.storyboard */ = {
			isa = PBXVariantGroup;
			children = (
				E49C8DBC1B75177700D3A028 /* Base */,
			);
			name = Main.storyboard;
			sourceTree = "<group>";
		};
		E49C8DC01B75177700D3A028 /* LaunchScreen.xib */ = {
			isa = PBXVariantGroup;
			children = (
				E49C8DC11B75177700D3A028 /* Base */,
			);
			name = LaunchScreen.xib;
			sourceTree = "<group>";
		};
/* End PBXVariantGroup section */

/* Begin XCBuildConfiguration section */
		E49C8DCF1B75177700D3A028 /* Debug */ = {
			isa = XCBuildConfiguration;
			buildSettings = {
				ALWAYS_SEARCH_USER_PATHS = NO;
				CLANG_CXX_LANGUAGE_STANDARD = "gnu++0x";
				CLANG_CXX_LIBRARY = "libc++";
				CLANG_ENABLE_MODULES = YES;
				CLANG_ENABLE_OBJC_ARC = YES;
				CLANG_WARN_BOOL_CONVERSION = YES;
				CLANG_WARN_CONSTANT_CONVERSION = YES;
				CLANG_WARN_DIRECT_OBJC_ISA_USAGE = YES_ERROR;
				CLANG_WARN_EMPTY_BODY = YES;
				CLANG_WARN_ENUM_CONVERSION = YES;
				CLANG_WARN_INT_CONVERSION = YES;
				CLANG_WARN_OBJC_ROOT_CLASS = YES_ERROR;
				CLANG_WARN_UNREACHABLE_CODE = YES;
				CLANG_WARN__DUPLICATE_METHOD_MATCH = YES;
				"CODE_SIGN_IDENTITY[sdk=iphoneos*]" = "iPhone Developer";
				COPY_PHASE_STRIP = NO;
				DEBUG_INFORMATION_FORMAT = "dwarf-with-dsym";
				ENABLE_STRICT_OBJC_MSGSEND = YES;
				GCC_C_LANGUAGE_STANDARD = gnu99;
				GCC_DYNAMIC_NO_PIC = NO;
				GCC_NO_COMMON_BLOCKS = YES;
				GCC_OPTIMIZATION_LEVEL = 0;
				GCC_PREPROCESSOR_DEFINITIONS = (
					"DEBUG=1",
					"$(inherited)",
				);
				GCC_SYMBOLS_PRIVATE_EXTERN = NO;
				GCC_WARN_64_TO_32_BIT_CONVERSION = YES;
				GCC_WARN_ABOUT_RETURN_TYPE = YES_ERROR;
				GCC_WARN_UNDECLARED_SELECTOR = YES;
				GCC_WARN_UNINITIALIZED_AUTOS = YES_AGGRESSIVE;
				GCC_WARN_UNUSED_FUNCTION = YES;
				GCC_WARN_UNUSED_VARIABLE = YES;
				IPHONEOS_DEPLOYMENT_TARGET = 8.4;
				MTL_ENABLE_DEBUG_INFO = YES;
				ONLY_ACTIVE_ARCH = YES;
				SDKROOT = iphoneos;
				SWIFT_OPTIMIZATION_LEVEL = "-Onone";
			};
			name = Debug;
		};
		E49C8DD01B75177700D3A028 /* Release */ = {
			isa = XCBuildConfiguration;
			buildSettings = {
				ALWAYS_SEARCH_USER_PATHS = NO;
				CLANG_CXX_LANGUAGE_STANDARD = "gnu++0x";
				CLANG_CXX_LIBRARY = "libc++";
				CLANG_ENABLE_MODULES = YES;
				CLANG_ENABLE_OBJC_ARC = YES;
				CLANG_WARN_BOOL_CONVERSION = YES;
				CLANG_WARN_CONSTANT_CONVERSION = YES;
				CLANG_WARN_DIRECT_OBJC_ISA_USAGE = YES_ERROR;
				CLANG_WARN_EMPTY_BODY = YES;
				CLANG_WARN_ENUM_CONVERSION = YES;
				CLANG_WARN_INT_CONVERSION = YES;
				CLANG_WARN_OBJC_ROOT_CLASS = YES_ERROR;
				CLANG_WARN_UNREACHABLE_CODE = YES;
				CLANG_WARN__DUPLICATE_METHOD_MATCH = YES;
				"CODE_SIGN_IDENTITY[sdk=iphoneos*]" = "iPhone Developer";
				COPY_PHASE_STRIP = NO;
				DEBUG_INFORMATION_FORMAT = "dwarf-with-dsym";
				ENABLE_NS_ASSERTIONS = NO;
				ENABLE_STRICT_OBJC_MSGSEND = YES;
				GCC_C_LANGUAGE_STANDARD = gnu99;
				GCC_NO_COMMON_BLOCKS = YES;
				GCC_WARN_64_TO_32_BIT_CONVERSION = YES;
				GCC_WARN_ABOUT_RETURN_TYPE = YES_ERROR;
				GCC_WARN_UNDECLARED_SELECTOR = YES;
				GCC_WARN_UNINITIALIZED_AUTOS = YES_AGGRESSIVE;
				GCC_WARN_UNUSED_FUNCTION = YES;
				GCC_WARN_UNUSED_VARIABLE = YES;
				IPHONEOS_DEPLOYMENT_TARGET = 8.4;
				MTL_ENABLE_DEBUG_INFO = NO;
				SDKROOT = iphoneos;
				VALIDATE_PRODUCT = YES;
			};
			name = Release;
		};
		E49C8DD21B75177700D3A028 /* Debug */ = {
			isa = XCBuildConfiguration;
			baseConfigurationReference = CAAA7030F60E69425264796B /* Pods-ufrgsmobile.debug.xcconfig */;
			buildSettings = {
				ASSETCATALOG_COMPILER_APPICON_NAME = AppIcon;
				CLANG_ENABLE_MODULES = YES;
				CODE_SIGN_IDENTITY = "iPhone Developer";
				"CODE_SIGN_IDENTITY[sdk=iphoneos*]" = "iPhone Developer";
				HEADER_SEARCH_PATHS = (
					"$(inherited)",
					"\"${PODS_ROOT}/Headers/Public\"",
					"\"${PODS_ROOT}/Headers/Public/AFNetworking\"",
					"\"${PODS_ROOT}/Headers/Public/MWFeedParser\"",
					/usr/include/libxml2,
				);
				INFOPLIST_FILE = ufrgsmobile/Info.plist;
				IPHONEOS_DEPLOYMENT_TARGET = 8.0;
				LD_RUNPATH_SEARCH_PATHS = "$(inherited) @executable_path/Frameworks";
				PRODUCT_NAME = "$(TARGET_NAME)";
				PROVISIONING_PROFILE = "";
				SWIFT_OBJC_BRIDGING_HEADER = "ufrgsmobile/ufrgsmobile-Bridging-Header.h";
				SWIFT_OPTIMIZATION_LEVEL = "-Onone";
				TARGETED_DEVICE_FAMILY = 1;
			};
			name = Debug;
		};
		E49C8DD31B75177700D3A028 /* Release */ = {
			isa = XCBuildConfiguration;
			baseConfigurationReference = 276D1886E561AF20953870F6 /* Pods-ufrgsmobile.release.xcconfig */;
			buildSettings = {
				ASSETCATALOG_COMPILER_APPICON_NAME = AppIcon;
				CLANG_ENABLE_MODULES = YES;
				CODE_SIGN_IDENTITY = "iPhone Developer";
				"CODE_SIGN_IDENTITY[sdk=iphoneos*]" = "iPhone Developer";
				HEADER_SEARCH_PATHS = (
					"$(inherited)",
					"\"${PODS_ROOT}/Headers/Public\"",
					"\"${PODS_ROOT}/Headers/Public/AFNetworking\"",
					"\"${PODS_ROOT}/Headers/Public/MWFeedParser\"",
					/usr/include/libxml2,
				);
				INFOPLIST_FILE = ufrgsmobile/Info.plist;
				IPHONEOS_DEPLOYMENT_TARGET = 8.0;
				LD_RUNPATH_SEARCH_PATHS = "$(inherited) @executable_path/Frameworks";
				PRODUCT_NAME = "$(TARGET_NAME)";
				PROVISIONING_PROFILE = "";
				SWIFT_OBJC_BRIDGING_HEADER = "ufrgsmobile/ufrgsmobile-Bridging-Header.h";
				TARGETED_DEVICE_FAMILY = 1;
			};
			name = Release;
		};
		E49C8DD51B75177700D3A028 /* Debug */ = {
			isa = XCBuildConfiguration;
			buildSettings = {
				BUNDLE_LOADER = "$(TEST_HOST)";
				FRAMEWORK_SEARCH_PATHS = (
					"$(SDKROOT)/Developer/Library/Frameworks",
					"$(inherited)",
				);
				GCC_PREPROCESSOR_DEFINITIONS = (
					"DEBUG=1",
					"$(inherited)",
				);
				INFOPLIST_FILE = ufrgsmobileTests/Info.plist;
				LD_RUNPATH_SEARCH_PATHS = "$(inherited) @executable_path/Frameworks @loader_path/Frameworks";
				PRODUCT_NAME = "$(TARGET_NAME)";
				TEST_HOST = "$(BUILT_PRODUCTS_DIR)/ufrgsmobile.app/ufrgsmobile";
			};
			name = Debug;
		};
		E49C8DD61B75177700D3A028 /* Release */ = {
			isa = XCBuildConfiguration;
			buildSettings = {
				BUNDLE_LOADER = "$(TEST_HOST)";
				FRAMEWORK_SEARCH_PATHS = (
					"$(SDKROOT)/Developer/Library/Frameworks",
					"$(inherited)",
				);
				INFOPLIST_FILE = ufrgsmobileTests/Info.plist;
				LD_RUNPATH_SEARCH_PATHS = "$(inherited) @executable_path/Frameworks @loader_path/Frameworks";
				PRODUCT_NAME = "$(TARGET_NAME)";
				TEST_HOST = "$(BUILT_PRODUCTS_DIR)/ufrgsmobile.app/ufrgsmobile";
			};
			name = Release;
		};
/* End XCBuildConfiguration section */

/* Begin XCConfigurationList section */
		E49C8DAD1B75177700D3A028 /* Build configuration list for PBXProject "ufrgsmobile" */ = {
			isa = XCConfigurationList;
			buildConfigurations = (
				E49C8DCF1B75177700D3A028 /* Debug */,
				E49C8DD01B75177700D3A028 /* Release */,
			);
			defaultConfigurationIsVisible = 0;
			defaultConfigurationName = Release;
		};
		E49C8DD11B75177700D3A028 /* Build configuration list for PBXNativeTarget "ufrgsmobile" */ = {
			isa = XCConfigurationList;
			buildConfigurations = (
				E49C8DD21B75177700D3A028 /* Debug */,
				E49C8DD31B75177700D3A028 /* Release */,
			);
			defaultConfigurationIsVisible = 0;
			defaultConfigurationName = Release;
		};
		E49C8DD41B75177700D3A028 /* Build configuration list for PBXNativeTarget "ufrgsmobileTests" */ = {
			isa = XCConfigurationList;
			buildConfigurations = (
				E49C8DD51B75177700D3A028 /* Debug */,
				E49C8DD61B75177700D3A028 /* Release */,
			);
			defaultConfigurationIsVisible = 0;
			defaultConfigurationName = Release;
		};
/* End XCConfigurationList section */
	};
	rootObject = E49C8DAA1B75177700D3A028 /* Project object */;
}
